<?xml version="1.0" encoding="utf-8"?>
<Project ToolsVersion="17.0" xmlns="http://schemas.microsoft.com/developer/msbuild/2003">
  <ItemGroup>
    <CustomBuild Include="D:\latest-code\cpp\build-test\CMakeFiles\bbbec378016d30c0f04e8aacd15cc040\shadow_zh_CN.qm.rule">
      <Filter>CMake Rules</Filter>
    </CustomBuild>
    <CustomBuild Include="D:\latest-code\cpp\build-test\CMakeFiles\bbbec378016d30c0f04e8aacd15cc040\shadow_zh_HK.qm.rule">
      <Filter>CMake Rules</Filter>
    </CustomBuild>
    <CustomBuild Include="D:\latest-code\cpp\build-test\CMakeFiles\bbbec378016d30c0f04e8aacd15cc040\shadow_zh_TW.qm.rule">
      <Filter>CMake Rules</Filter>
    </CustomBuild>
    <CustomBuild Include="D:\latest-code\cpp\build-test\CMakeFiles\51fe4698b91f4d1e315953bca9ebc3a1\ShadowLauncher_lrelease.rule">
      <Filter>CMake Rules</Filter>
    </CustomBuild>
    <CustomBuild Include="D:\latest-code\cpp\CMakeLists.txt" />
  </ItemGroup>
  <ItemGroup>
    <None Include="D:\latest-code\cpp\build-test\CMakeFiles\ShadowLauncher_lrelease" />
  </ItemGroup>
  <ItemGroup>
    <Filter Include="CMake Rules">
      <UniqueIdentifier>{3B2B2D26-E8E2-36B0-974A-342420E80DE8}</UniqueIdentifier>
    </Filter>
  </ItemGroup>
</Project>
