<?xml version="1.0" encoding="utf-8"?>
<Project ToolsVersion="17.0" xmlns="http://schemas.microsoft.com/developer/msbuild/2003">
  <ItemGroup>
    <ClCompile Include="D:\latest-code\cpp\build-test\ShadowLauncher_autogen\mocs_compilation_Debug.cpp">
      <Filter>Source Files</Filter>
    </ClCompile>
    <ClCompile Include="D:\latest-code\cpp\src\main.cpp">
      <Filter>Source Files</Filter>
    </ClCompile>
    <ClCompile Include="D:\latest-code\cpp\src\utils\logger.cpp">
      <Filter>Source Files</Filter>
    </ClCompile>
    <ClCompile Include="D:\latest-code\cpp\src\utils\token_crypto.cpp">
      <Filter>Source Files</Filter>
    </ClCompile>
    <ClCompile Include="D:\latest-code\cpp\src\core\http_client.cpp">
      <Filter>Source Files</Filter>
    </ClCompile>
    <ClCompile Include="D:\latest-code\cpp\src\core\logger.cpp">
      <Filter>Source Files</Filter>
    </ClCompile>
    <ClCompile Include="D:\latest-code\cpp\src\core\version_manager.cpp">
      <Filter>Source Files</Filter>
    </ClCompile>
    <ClCompile Include="D:\latest-code\cpp\src\core\downloader.cpp">
      <Filter>Source Files</Filter>
    </ClCompile>
    <ClCompile Include="D:\latest-code\cpp\src\core\parallel_downloader.cpp">
      <Filter>Source Files</Filter>
    </ClCompile>
    <ClCompile Include="D:\latest-code\cpp\src\core\file_downloader.cpp">
      <Filter>Source Files</Filter>
    </ClCompile>
    <ClCompile Include="D:\latest-code\cpp\src\core\version_downloader.cpp">
      <Filter>Source Files</Filter>
    </ClCompile>
    <ClCompile Include="D:\latest-code\cpp\src\core\launcher.cpp">
      <Filter>Source Files</Filter>
    </ClCompile>
    <ClCompile Include="D:\latest-code\cpp\src\core\mc_language.cpp">
      <Filter>Source Files</Filter>
    </ClCompile>
    <ClCompile Include="D:\latest-code\cpp\src\core\geoip_service.cpp">
      <Filter>Source Files</Filter>
    </ClCompile>
    <ClCompile Include="D:\latest-code\cpp\src\core\mod_manager.cpp">
      <Filter>Source Files</Filter>
    </ClCompile>
    <ClCompile Include="D:\latest-code\cpp\src\core\icon_cache.cpp">
      <Filter>Source Files</Filter>
    </ClCompile>
    <ClCompile Include="D:\latest-code\cpp\src\core\microsoft_auth.cpp">
      <Filter>Source Files</Filter>
    </ClCompile>
    <ClCompile Include="D:\latest-code\cpp\src\core\yggdrasil_auth.cpp">
      <Filter>Source Files</Filter>
    </ClCompile>
    <ClCompile Include="D:\latest-code\cpp\src\core\version_isolation.cpp">
      <Filter>Source Files</Filter>
    </ClCompile>
    <ClCompile Include="D:\latest-code\cpp\src\core\mod_loader_installer.cpp">
      <Filter>Source Files</Filter>
    </ClCompile>
    <ClCompile Include="D:\latest-code\cpp\src\core\local_mod_manager.cpp">
      <Filter>Source Files</Filter>
    </ClCompile>
    <ClCompile Include="D:\latest-code\cpp\src\core\modpack_importer.cpp">
      <Filter>Source Files</Filter>
    </ClCompile>
    <ClCompile Include="D:\latest-code\cpp\src\core\update_manager.cpp">
      <Filter>Source Files</Filter>
    </ClCompile>
    <ClCompile Include="D:\latest-code\cpp\src\utils\lzma\LzmaDec.cxx">
      <Filter>Source Files</Filter>
    </ClCompile>
    <ClCompile Include="D:\latest-code\cpp\src\core\download_coordinator.cpp">
      <Filter>Source Files</Filter>
    </ClCompile>
    <ClCompile Include="D:\latest-code\cpp\src\core\crash_detector.cpp">
      <Filter>Source Files</Filter>
    </ClCompile>
    <ClCompile Include="D:\latest-code\cpp\src\core\screenshot_server.cpp">
      <Filter>Source Files</Filter>
    </ClCompile>
    <ClCompile Include="D:\latest-code\cpp\src\core\step_node.cpp">
      <Filter>Source Files</Filter>
    </ClCompile>
    <ClCompile Include="D:\latest-code\cpp\src\core\step_pipeline.cpp">
      <Filter>Source Files</Filter>
    </ClCompile>
    <ClCompile Include="D:\latest-code\cpp\src\backend\app_backend.cpp">
      <Filter>Source Files</Filter>
    </ClCompile>
    <ClCompile Include="D:\latest-code\cpp\src\backend\settings_backend.cpp">
      <Filter>Source Files</Filter>
    </ClCompile>
    <ClCompile Include="D:\latest-code\cpp\src\backend\yggdrasil_backend.cpp">
      <Filter>Source Files</Filter>
    </ClCompile>
    <ClCompile Include="D:\latest-code\cpp\src\backend\yggdrasil_skin_fetcher.cpp">
      <Filter>Source Files</Filter>
    </ClCompile>
    <ClCompile Include="D:\latest-code\cpp\src\backend\account_backend.cpp">
      <Filter>Source Files</Filter>
    </ClCompile>
    <ClCompile Include="D:\latest-code\cpp\src\backend\version_backend.cpp">
      <Filter>Source Files</Filter>
    </ClCompile>
    <ClCompile Include="D:\latest-code\cpp\src\session\download_session.cpp">
      <Filter>Source Files</Filter>
    </ClCompile>
    <ClCompile Include="D:\latest-code\cpp\src\backend\launch_backend.cpp">
      <Filter>Source Files</Filter>
    </ClCompile>
    <ClCompile Include="D:\latest-code\cpp\src\backend\resource_backend.cpp">
      <Filter>Source Files</Filter>
    </ClCompile>
    <ClCompile Include="D:\latest-code\cpp\src\backend\stats_backend.cpp">
      <Filter>Source Files</Filter>
    </ClCompile>
    <ClCompile Include="D:\latest-code\cpp\src\backend\java_backend.cpp">
      <Filter>Source Files</Filter>
    </ClCompile>
    <ClCompile Include="D:\latest-code\cpp\src\backend\check_backend.cpp">
      <Filter>Source Files</Filter>
    </ClCompile>
    <ClCompile Include="D:\latest-code\cpp\src\backend\userdata_backend.cpp">
      <Filter>Source Files</Filter>
    </ClCompile>
    <ClCompile Include="D:\latest-code\cpp\src\backend\debug_logger.cpp">
      <Filter>Source Files</Filter>
    </ClCompile>
    <ClCompile Include="D:\latest-code\cpp\src\backend\shadow_backend.cpp">
      <Filter>Source Files</Filter>
    </ClCompile>
    <ClCompile Include="D:\latest-code\cpp\src\multiplayer\encrypted_frag_1.cpp">
      <Filter>Source Files</Filter>
    </ClCompile>
    <ClCompile Include="D:\latest-code\cpp\src\multiplayer\encrypted_frag_2.cpp">
      <Filter>Source Files</Filter>
    </ClCompile>
    <ClCompile Include="D:\latest-code\cpp\src\multiplayer\encrypted_frag_3.cpp">
      <Filter>Source Files</Filter>
    </ClCompile>
    <ClCompile Include="D:\latest-code\cpp\src\multiplayer\encrypted_frag_4.cpp">
      <Filter>Source Files</Filter>
    </ClCompile>
    <ClCompile Include="D:\latest-code\cpp\src\multiplayer\encrypted_frag_5.cpp">
      <Filter>Source Files</Filter>
    </ClCompile>
    <ClCompile Include="D:\latest-code\cpp\src\multiplayer\room_code.cpp">
      <Filter>Source Files</Filter>
    </ClCompile>
    <ClCompile Include="D:\latest-code\cpp\src\multiplayer\scaffolding_protocol.cpp">
      <Filter>Source Files</Filter>
    </ClCompile>
    <ClCompile Include="D:\latest-code\cpp\src\multiplayer\connection_guard.cpp">
      <Filter>Source Files</Filter>
    </ClCompile>
    <ClCompile Include="D:\latest-code\cpp\src\multiplayer\relay_crypto.cpp">
      <Filter>Source Files</Filter>
    </ClCompile>
    <ClCompile Include="D:\latest-code\cpp\src\multiplayer\easytier_process.cpp">
      <Filter>Source Files</Filter>
    </ClCompile>
    <ClCompile Include="D:\latest-code\cpp\src\multiplayer\multiplayer_manager.cpp">
      <Filter>Source Files</Filter>
    </ClCompile>
    <ClCompile Include="D:\latest-code\cpp\src\multiplayer\elevated_session.cpp">
      <Filter>Source Files</Filter>
    </ClCompile>
    <ClCompile Include="D:\latest-code\cpp\build-test\.qt\rcc\qrc_qml_resources.cpp">
      <Filter>Source Files\Generated</Filter>
    </ClCompile>
    <ClCompile Include="D:\latest-code\cpp\build-test\.qt\rcc\qrc_icon_resources.cpp">
      <Filter>Source Files\Generated</Filter>
    </ClCompile>
    <ClCompile Include="D:\latest-code\cpp\build-test\.qt\rcc\qrc_agreement_resources.cpp">
      <Filter>Source Files\Generated</Filter>
    </ClCompile>
    <ClCompile Include="D:\latest-code\cpp\build-test\.qt\rcc\qrc_tools_resources.cpp">
      <Filter>Source Files\Generated</Filter>
    </ClCompile>
    <ClCompile Include="D:\latest-code\cpp\build-test\.qt\rcc\qrc_cape_resources.cpp">
      <Filter>Source Files\Generated</Filter>
    </ClCompile>
    <ClCompile Include="D:\latest-code\cpp\build-test\.qt\rcc\qrc_ShadowLauncher_translations.cpp">
      <Filter>Source Files</Filter>
    </ClCompile>
    <ClCompile Include="D:\latest-code\cpp\build-test\ShadowLauncher_autogen\mocs_compilation_Release.cpp">
      <Filter>Source Files</Filter>
    </ClCompile>
    <ClCompile Include="D:\latest-code\cpp\build-test\ShadowLauncher_autogen\mocs_compilation_MinSizeRel.cpp">
      <Filter>Source Files</Filter>
    </ClCompile>
    <ClCompile Include="D:\latest-code\cpp\build-test\ShadowLauncher_autogen\mocs_compilation_RelWithDebInfo.cpp">
      <Filter>Source Files</Filter>
    </ClCompile>
  </ItemGroup>
  <ItemGroup>
    <ClInclude Include="D:\latest-code\cpp\src\utils\types.h">
      <Filter>Header Files</Filter>
    </ClInclude>
    <ClInclude Include="D:\latest-code\cpp\src\utils\logger.h">
      <Filter>Header Files</Filter>
    </ClInclude>
    <ClInclude Include="D:\latest-code\cpp\src\core\http_client.h">
      <Filter>Header Files</Filter>
    </ClInclude>
    <ClInclude Include="D:\latest-code\cpp\src\core\logger.h">
      <Filter>Header Files</Filter>
    </ClInclude>
    <ClInclude Include="D:\latest-code\cpp\src\core\version_manager.h">
      <Filter>Header Files</Filter>
    </ClInclude>
    <ClInclude Include="D:\latest-code\cpp\src\core\downloader.h">
      <Filter>Header Files</Filter>
    </ClInclude>
    <ClInclude Include="D:\latest-code\cpp\src\core\parallel_downloader.h">
      <Filter>Header Files</Filter>
    </ClInclude>
    <ClInclude Include="D:\latest-code\cpp\src\core\file_downloader.h">
      <Filter>Header Files</Filter>
    </ClInclude>
    <ClInclude Include="D:\latest-code\cpp\src\core\download_coordinator.h">
      <Filter>Header Files</Filter>
    </ClInclude>
    <ClInclude Include="D:\latest-code\cpp\src\core\version_downloader.h">
      <Filter>Header Files</Filter>
    </ClInclude>
    <ClInclude Include="D:\latest-code\cpp\src\core\step_node.h">
      <Filter>Header Files</Filter>
    </ClInclude>
    <ClInclude Include="D:\latest-code\cpp\src\core\step_pipeline.h">
      <Filter>Header Files</Filter>
    </ClInclude>
    <ClInclude Include="D:\latest-code\cpp\src\core\launcher.h">
      <Filter>Header Files</Filter>
    </ClInclude>
    <ClInclude Include="D:\latest-code\cpp\src\core\mc_language.h">
      <Filter>Header Files</Filter>
    </ClInclude>
    <ClInclude Include="D:\latest-code\cpp\src\core\geoip_service.h">
      <Filter>Header Files</Filter>
    </ClInclude>
    <ClInclude Include="D:\latest-code\cpp\src\core\mod_manager.h">
      <Filter>Header Files</Filter>
    </ClInclude>
    <ClInclude Include="D:\latest-code\cpp\src\core\local_mod_manager.h">
      <Filter>Header Files</Filter>
    </ClInclude>
    <ClInclude Include="D:\latest-code\cpp\src\core\modpack_importer.h">
      <Filter>Header Files</Filter>
    </ClInclude>
    <ClInclude Include="D:\latest-code\cpp\src\core\update_manager.h">
      <Filter>Header Files</Filter>
    </ClInclude>
    <ClInclude Include="D:\latest-code\cpp\src\core\version_isolation.h">
      <Filter>Header Files</Filter>
    </ClInclude>
    <ClInclude Include="D:\latest-code\cpp\src\core\yggdrasil_auth.h">
      <Filter>Header Files</Filter>
    </ClInclude>
    <ClInclude Include="D:\latest-code\cpp\src\core\crash_detector.h">
      <Filter>Header Files</Filter>
    </ClInclude>
    <ClInclude Include="D:\latest-code\cpp\src\core\screenshot_server.h">
      <Filter>Header Files</Filter>
    </ClInclude>
    <ClInclude Include="D:\latest-code\cpp\src\backend\app_backend.h">
      <Filter>Header Files</Filter>
    </ClInclude>
    <ClInclude Include="D:\latest-code\cpp\src\backend\settings_backend.h">
      <Filter>Header Files</Filter>
    </ClInclude>
    <ClInclude Include="D:\latest-code\cpp\src\backend\yggdrasil_backend.h">
      <Filter>Header Files</Filter>
    </ClInclude>
    <ClInclude Include="D:\latest-code\cpp\src\backend\yggdrasil_skin_fetcher.h">
      <Filter>Header Files</Filter>
    </ClInclude>
    <ClInclude Include="D:\latest-code\cpp\src\backend\account_backend.h">
      <Filter>Header Files</Filter>
    </ClInclude>
    <ClInclude Include="D:\latest-code\cpp\src\backend\version_backend.h">
      <Filter>Header Files</Filter>
    </ClInclude>
    <ClInclude Include="D:\latest-code\cpp\src\backend\launch_backend.h">
      <Filter>Header Files</Filter>
    </ClInclude>
    <ClInclude Include="D:\latest-code\cpp\src\backend\resource_backend.h">
      <Filter>Header Files</Filter>
    </ClInclude>
    <ClInclude Include="D:\latest-code\cpp\src\backend\stats_backend.h">
      <Filter>Header Files</Filter>
    </ClInclude>
    <ClInclude Include="D:\latest-code\cpp\src\backend\check_backend.h">
      <Filter>Header Files</Filter>
    </ClInclude>
    <ClInclude Include="D:\latest-code\cpp\src\backend\userdata_backend.h">
      <Filter>Header Files</Filter>
    </ClInclude>
    <ClInclude Include="D:\latest-code\cpp\src\backend\debug_logger.h">
      <Filter>Header Files</Filter>
    </ClInclude>
    <ClInclude Include="D:\latest-code\cpp\src\backend\shadow_backend.h">
      <Filter>Header Files</Filter>
    </ClInclude>
    <ClInclude Include="D:\latest-code\cpp\src\multiplayer\room_code.h">
      <Filter>Header Files</Filter>
    </ClInclude>
    <ClInclude Include="D:\latest-code\cpp\src\multiplayer\scaffolding_protocol.h">
      <Filter>Header Files</Filter>
    </ClInclude>
    <ClInclude Include="D:\latest-code\cpp\src\multiplayer\connection_guard.h">
      <Filter>Header Files</Filter>
    </ClInclude>
    <ClInclude Include="D:\latest-code\cpp\src\multiplayer\relay_crypto.h">
      <Filter>Header Files</Filter>
    </ClInclude>
    <ClInclude Include="D:\latest-code\cpp\src\multiplayer\encrypted_addr.h">
      <Filter>Header Files</Filter>
    </ClInclude>
    <ClInclude Include="D:\latest-code\cpp\src\multiplayer\easytier_process.h">
      <Filter>Header Files</Filter>
    </ClInclude>
    <ClInclude Include="D:\latest-code\cpp\src\multiplayer\multiplayer_manager.h">
      <Filter>Header Files</Filter>
    </ClInclude>
    <ClInclude Include="D:\latest-code\cpp\src\multiplayer\elevated_session.h">
      <Filter>Header Files</Filter>
    </ClInclude>
    <ClInclude Include="D:\latest-code\cpp\build-test\.qt\rcc\qml_resources.qrc">
      <Filter>Source Files\Generated</Filter>
    </ClInclude>
    <ClInclude Include="D:\latest-code\cpp\qml\AgreementOverlay.qml">
      <Filter>Source Files</Filter>
    </ClInclude>
    <ClInclude Include="D:\latest-code\cpp\qml\AnimationTokens.qml">
      <Filter>Source Files</Filter>
    </ClInclude>
    <ClInclude Include="D:\latest-code\cpp\qml\BackgroundCropOverlay.qml">
      <Filter>Source Files</Filter>
    </ClInclude>
    <ClInclude Include="D:\latest-code\cpp\qml\ConfirmDialog.qml">
      <Filter>Source Files</Filter>
    </ClInclude>
    <ClInclude Include="D:\latest-code\cpp\qml\CrashDialog.qml">
      <Filter>Source Files</Filter>
    </ClInclude>
    <ClInclude Include="D:\latest-code\cpp\qml\DetailInfoCard.qml">
      <Filter>Source Files</Filter>
    </ClInclude>
    <ClInclude Include="D:\latest-code\cpp\qml\DetailVersionCard.qml">
      <Filter>Source Files</Filter>
    </ClInclude>
    <ClInclude Include="D:\latest-code\cpp\qml\DownloadPage.qml">
      <Filter>Source Files</Filter>
    </ClInclude>
    <ClInclude Include="D:\latest-code\cpp\qml\ExpandableGroupCard.qml">
      <Filter>Source Files</Filter>
    </ClInclude>
    <ClInclude Include="D:\latest-code\cpp\qml\HomePage.qml">
      <Filter>Source Files</Filter>
    </ClInclude>
    <ClInclude Include="D:\latest-code\cpp\qml\InlineToast.qml">
      <Filter>Source Files</Filter>
    </ClInclude>
    <ClInclude Include="D:\latest-code\cpp\qml\InstallConfigOverlay.qml">
      <Filter>Source Files</Filter>
    </ClInclude>
    <ClInclude Include="D:\latest-code\cpp\qml\InstallPage.qml">
      <Filter>Source Files</Filter>
    </ClInclude>
    <ClInclude Include="D:\latest-code\cpp\qml\KillButton.qml">
      <Filter>Source Files</Filter>
    </ClInclude>
    <ClInclude Include="D:\latest-code\cpp\qml\LaunchOverlay.qml">
      <Filter>Source Files</Filter>
    </ClInclude>
    <ClInclude Include="D:\latest-code\cpp\qml\ToastStyleWarning.qml">
      <Filter>Source Files</Filter>
    </ClInclude>
    <ClInclude Include="D:\latest-code\cpp\qml\ToastStyleSuccess.qml">
      <Filter>Source Files</Filter>
    </ClInclude>
    <ClInclude Include="D:\latest-code\cpp\qml\MainWindow.qml">
      <Filter>Source Files</Filter>
    </ClInclude>
    <ClInclude Include="D:\latest-code\cpp\qml\BetaKeyDialog.qml">
      <Filter>Source Files</Filter>
    </ClInclude>
    <ClInclude Include="D:\latest-code\cpp\qml\MinecraftHead2D.qml">
      <Filter>Source Files</Filter>
    </ClInclude>
    <ClInclude Include="D:\latest-code\cpp\qml\ModLoaderCard.qml">
      <Filter>Source Files</Filter>
    </ClInclude>
    <ClInclude Include="D:\latest-code\cpp\qml\ModDetailPage.qml">
      <Filter>Source Files</Filter>
    </ClInclude>
    <ClInclude Include="D:\latest-code\cpp\qml\MultiplayerPage.qml">
      <Filter>Source Files</Filter>
    </ClInclude>
    <ClInclude Include="D:\latest-code\cpp\qml\ResourcePackDetailPage.qml">
      <Filter>Source Files</Filter>
    </ClInclude>
    <ClInclude Include="D:\latest-code\cpp\qml\SettingsGeneralPage.qml">
      <Filter>Source Files</Filter>
    </ClInclude>
    <ClInclude Include="D:\latest-code\cpp\qml\SettingsJavaPage.qml">
      <Filter>Source Files</Filter>
    </ClInclude>
    <ClInclude Include="D:\latest-code\cpp\qml\ShaderDetailPage.qml">
      <Filter>Source Files</Filter>
    </ClInclude>
    <ClInclude Include="D:\latest-code\cpp\qml\StatsPage.qml">
      <Filter>Source Files</Filter>
    </ClInclude>
    <ClInclude Include="D:\latest-code\cpp\qml\SettingsMemoryPage.qml">
      <Filter>Source Files</Filter>
    </ClInclude>
    <ClInclude Include="D:\latest-code\cpp\qml\SettingsPage.qml">
      <Filter>Source Files</Filter>
    </ClInclude>
    <ClInclude Include="D:\latest-code\cpp\qml\ShadowButton.qml">
      <Filter>Source Files</Filter>
    </ClInclude>
    <ClInclude Include="D:\latest-code\cpp\qml\ShadowSwitch.qml">
      <Filter>Source Files</Filter>
    </ClInclude>
    <ClInclude Include="D:\latest-code\cpp\qml\SplashWindow.qml">
      <Filter>Source Files</Filter>
    </ClInclude>
    <ClInclude Include="D:\latest-code\cpp\qml\SubPageOverlays.qml">
      <Filter>Source Files</Filter>
    </ClInclude>
    <ClInclude Include="D:\latest-code\cpp\qml\ToastManager.qml">
      <Filter>Source Files</Filter>
    </ClInclude>
    <ClInclude Include="D:\latest-code\cpp\qml\VersionSelectOverlay.qml">
      <Filter>Source Files</Filter>
    </ClInclude>
    <ClInclude Include="D:\latest-code\cpp\qml\VersionSelectPage.qml">
      <Filter>Source Files</Filter>
    </ClInclude>
    <ClInclude Include="D:\latest-code\cpp\qml\VersionSettingsOverlay.qml">
      <Filter>Source Files</Filter>
    </ClInclude>
    <ClInclude Include="D:\latest-code\cpp\qml\VersionSettingsPage.qml">
      <Filter>Source Files</Filter>
    </ClInclude>
    <ClInclude Include="D:\latest-code\cpp\qml\VersionMemorySection.qml">
      <Filter>Source Files</Filter>
    </ClInclude>
    <ClInclude Include="D:\latest-code\cpp\qml\VersionLaunchSection.qml">
      <Filter>Source Files</Filter>
    </ClInclude>
    <ClInclude Include="D:\latest-code\cpp\qml\ModpackImportOverlay.qml">
      <Filter>Source Files</Filter>
    </ClInclude>
    <ClInclude Include="D:\latest-code\cpp\qml\StyleTokens.qml">
      <Filter>Source Files</Filter>
    </ClInclude>
    <ClInclude Include="D:\latest-code\cpp\qml\JavaPage.qml">
      <Filter>Source Files</Filter>
    </ClInclude>
    <ClInclude Include="D:\latest-code\cpp\qml\SettingsMemorySection.qml">
      <Filter>Source Files</Filter>
    </ClInclude>
    <ClInclude Include="D:\latest-code\cpp\qml\DebugPanel.qml">
      <Filter>Source Files</Filter>
    </ClInclude>
    <ClInclude Include="D:\latest-code\cpp\qml\DebugWindow.qml">
      <Filter>Source Files</Filter>
    </ClInclude>
    <ClInclude Include="D:\latest-code\cpp\qml\BackButton.qml">
      <Filter>Source Files</Filter>
    </ClInclude>
    <ClInclude Include="D:\latest-code\cpp\qml\DownloadCard.qml">
      <Filter>Source Files</Filter>
    </ClInclude>
    <ClInclude Include="D:\latest-code\cpp\qml\DownloadCardTagRow.qml">
      <Filter>Source Files</Filter>
    </ClInclude>
    <ClInclude Include="D:\latest-code\cpp\qml\DownloadQueueCard.qml">
      <Filter>Source Files</Filter>
    </ClInclude>
    <ClInclude Include="D:\latest-code\cpp\qml\DownloadQueuePanel.qml">
      <Filter>Source Files</Filter>
    </ClInclude>
    <ClInclude Include="D:\latest-code\cpp\qml\FilterCard.qml">
      <Filter>Source Files</Filter>
    </ClInclude>
    <ClInclude Include="D:\latest-code\cpp\qml\LoadStatus.qml">
      <Filter>Source Files</Filter>
    </ClInclude>
    <ClInclude Include="D:\latest-code\cpp\qml\PaginationFooter.qml">
      <Filter>Source Files</Filter>
    </ClInclude>
    <ClInclude Include="D:\latest-code\cpp\qml\ProfileSelectPopup.qml">
      <Filter>Source Files</Filter>
    </ClInclude>
    <ClInclude Include="D:\latest-code\cpp\qml\RefreshButton.qml">
      <Filter>Source Files</Filter>
    </ClInclude>
    <ClInclude Include="D:\latest-code\cpp\qml\SearchBox.qml">
      <Filter>Source Files</Filter>
    </ClInclude>
    <ClInclude Include="D:\latest-code\cpp\qml\SelectionPopup.qml">
      <Filter>Source Files</Filter>
    </ClInclude>
    <ClInclude Include="D:\latest-code\cpp\qml\GenericPopup.qml">
      <Filter>Source Files</Filter>
    </ClInclude>
    <ClInclude Include="D:\latest-code\cpp\qml\ShadowDropdown.qml">
      <Filter>Source Files</Filter>
    </ClInclude>
    <ClInclude Include="D:\latest-code\cpp\qml\ShadowIconButton.qml">
      <Filter>Source Files</Filter>
    </ClInclude>
    <ClInclude Include="D:\latest-code\cpp\qml\VersionCard.qml">
      <Filter>Source Files</Filter>
    </ClInclude>
    <ClInclude Include="D:\latest-code\cpp\qml\animation_tokens.json" />
    <ClInclude Include="D:\latest-code\cpp\qml\qmldir" />
    <ClInclude Include="D:\latest-code\cpp\build-test\.qt\rcc\icon_resources.qrc">
      <Filter>Source Files\Generated</Filter>
    </ClInclude>
    <ClInclude Include="D:\latest-code\cpp\icons\lucide\home.svg" />
    <ClInclude Include="D:\latest-code\cpp\icons\lucide\download.svg" />
    <ClInclude Include="D:\latest-code\cpp\icons\lucide\settings.svg" />
    <ClInclude Include="D:\latest-code\cpp\icons\lucide\package.svg" />
    <ClInclude Include="D:\latest-code\cpp\icons\lucide\x-circle.svg" />
    <ClInclude Include="D:\latest-code\cpp\icons\lucide\minus.svg" />
    <ClInclude Include="D:\latest-code\cpp\icons\lucide\x.svg" />
    <ClInclude Include="D:\latest-code\cpp\icons\lucide\shield-check.svg" />
    <ClInclude Include="D:\latest-code\cpp\icons\lucide\key.svg" />
    <ClInclude Include="D:\latest-code\cpp\icons\lucide\user.svg" />
    <ClInclude Include="D:\latest-code\cpp\icons\lucide\chevron-down.svg" />
    <ClInclude Include="D:\latest-code\cpp\icons\lucide\log-out.svg" />
    <ClInclude Include="D:\latest-code\cpp\icons\lucide\play.svg" />
    <ClInclude Include="D:\latest-code\cpp\icons\lucide\list.svg" />
    <ClInclude Include="D:\latest-code\cpp\icons\lucide\wrench.svg" />
    <ClInclude Include="D:\latest-code\cpp\icons\lucide\box.svg" />
    <ClInclude Include="D:\latest-code\cpp\icons\lucide\puzzle.svg" />
    <ClInclude Include="D:\latest-code\cpp\icons\lucide\sparkles.svg" />
    <ClInclude Include="D:\latest-code\cpp\icons\lucide\palette.svg" />
    <ClInclude Include="D:\latest-code\cpp\icons\lucide\check-circle.svg" />
    <ClInclude Include="D:\latest-code\cpp\icons\lucide\flask-conical.svg" />
    <ClInclude Include="D:\latest-code\cpp\icons\lucide\landmark.svg" />
    <ClInclude Include="D:\latest-code\cpp\icons\lucide\refresh-cw.svg" />
    <ClInclude Include="D:\latest-code\cpp\icons\lucide\globe.svg" />
    <ClInclude Include="D:\latest-code\cpp\icons\lucide\search.svg" />
    <ClInclude Include="D:\latest-code\cpp\icons\lucide\plug-zap.svg" />
    <ClInclude Include="D:\latest-code\cpp\icons\lucide\gamepad-2.svg" />
    <ClInclude Include="D:\latest-code\cpp\icons\lucide\folder-tree.svg" />
    <ClInclude Include="D:\latest-code\cpp\icons\lucide\monitor.svg" />
    <ClInclude Include="D:\latest-code\cpp\icons\lucide\scroll-text.svg" />
    <ClInclude Include="D:\latest-code\cpp\icons\lucide\info.svg" />
    <ClInclude Include="D:\latest-code\cpp\icons\lucide\tag.svg" />
    <ClInclude Include="D:\latest-code\cpp\icons\lucide\zap.svg" />
    <ClInclude Include="D:\latest-code\cpp\icons\lucide\ruler.svg" />
    <ClInclude Include="D:\latest-code\cpp\icons\lucide\arrow-left.svg" />
    <ClInclude Include="D:\latest-code\cpp\icons\lucide\hammer.svg" />
    <ClInclude Include="D:\latest-code\cpp\icons\lucide\eye.svg" />
    <ClInclude Include="D:\latest-code\cpp\icons\lucide\package-plus.svg" />
    <ClInclude Include="D:\latest-code\cpp\icons\lucide\star.svg" />
    <ClInclude Include="D:\latest-code\cpp\icons\lucide\pen.svg" />
    <ClInclude Include="D:\latest-code\cpp\icons\lucide\alert-triangle.svg" />
    <ClInclude Include="D:\latest-code\cpp\icons\lucide\terminal.svg" />
    <ClInclude Include="D:\latest-code\cpp\icons\lucide\cpu.svg" />
    <ClInclude Include="D:\latest-code\cpp\icons\lucide\door-open.svg" />
    <ClInclude Include="D:\latest-code\cpp\icons\lucide\folder-open.svg" />
    <ClInclude Include="D:\latest-code\cpp\icons\lucide\bot.svg" />
    <ClInclude Include="D:\latest-code\cpp\icons\lucide\bar-chart-3.svg" />
    <ClInclude Include="D:\latest-code\cpp\icons\lucide\layout-panel-top.svg" />
    <ClInclude Include="D:\latest-code\cpp\icons\lucide\languages.svg" />
    <ClInclude Include="D:\latest-code\cpp\icons\lucide\rotate-ccw.svg" />
    <ClInclude Include="D:\latest-code\cpp\icons\lucide\folder.svg" />
    <ClInclude Include="D:\latest-code\cpp\icons\lucide\folder-plus.svg" />
    <ClInclude Include="D:\latest-code\cpp\icons\lucide\clipboard-list.svg" />
    <ClInclude Include="D:\latest-code\cpp\icons\lucide\rocket.svg" />
    <ClInclude Include="D:\latest-code\cpp\icons\lucide\map.svg" />
    <ClInclude Include="D:\latest-code\cpp\icons\lucide\camera.svg" />
    <ClInclude Include="D:\latest-code\cpp\icons\lucide\file-text.svg" />
    <ClInclude Include="D:\latest-code\cpp\icons\lucide\file.svg" />
    <ClInclude Include="D:\latest-code\cpp\icons\lucide\alert-octagon.svg" />
    <ClInclude Include="D:\latest-code\cpp\icons\lucide\clipboard-copy.svg" />
    <ClInclude Include="D:\latest-code\cpp\icons\lucide\folder-search.svg" />
    <ClInclude Include="D:\latest-code\cpp\icons\lucide\trash-2.svg" />
    <ClInclude Include="D:\latest-code\cpp\icons\lucide\broom.svg" />
    <ClInclude Include="D:\latest-code\cpp\icons\lucide\file-search.svg" />
    <ClInclude Include="D:\latest-code\cpp\icons\lucide\copy.svg" />
    <ClInclude Include="D:\latest-code\cpp\icons\lucide\folder-sync.svg" />
    <ClInclude Include="D:\latest-code\cpp\icons\lucide\skip-forward.svg" />
    <ClInclude Include="D:\latest-code\cpp\icons\lucide\log-in.svg" />
    <ClInclude Include="D:\latest-code\cpp\icons\lucide\check.svg" />
    <ClInclude Include="D:\latest-code\cpp\icons\lucide\construction.svg" />
    <ClInclude Include="D:\latest-code\cpp\icons\lucide\target.svg" />
    <ClInclude Include="D:\latest-code\cpp\icons\lucide\sliders-horizontal.svg" />
    <ClInclude Include="D:\latest-code\cpp\icons\lucide\image.svg" />
    <ClInclude Include="D:\latest-code\cpp\icons\lucide\sun.svg" />
    <ClInclude Include="D:\latest-code\cpp\icons\blocks\Anvil.png">
      <Filter>Resources</Filter>
    </ClInclude>
    <ClInclude Include="D:\latest-code\cpp\icons\blocks\CobbleStone.png">
      <Filter>Resources</Filter>
    </ClInclude>
    <ClInclude Include="D:\latest-code\cpp\icons\blocks\CommandBlock.png">
      <Filter>Resources</Filter>
    </ClInclude>
    <ClInclude Include="D:\latest-code\cpp\icons\blocks\Egg.png">
      <Filter>Resources</Filter>
    </ClInclude>
    <ClInclude Include="D:\latest-code\cpp\icons\blocks\Fabric.png">
      <Filter>Resources</Filter>
    </ClInclude>
    <ClInclude Include="D:\latest-code\cpp\icons\blocks\GoldBlock.png">
      <Filter>Resources</Filter>
    </ClInclude>
    <ClInclude Include="D:\latest-code\cpp\icons\blocks\Grass.png">
      <Filter>Resources</Filter>
    </ClInclude>
    <ClInclude Include="D:\latest-code\cpp\icons\blocks\GrassPath.png">
      <Filter>Resources</Filter>
    </ClInclude>
    <ClInclude Include="D:\latest-code\cpp\icons\blocks\NeoForge.png">
      <Filter>Resources</Filter>
    </ClInclude>
    <ClInclude Include="D:\latest-code\cpp\icons\blocks\OptiFabric.png">
      <Filter>Resources</Filter>
    </ClInclude>
    <ClInclude Include="D:\latest-code\cpp\icons\blocks\RedstoneBlock.png">
      <Filter>Resources</Filter>
    </ClInclude>
    <ClInclude Include="D:\latest-code\cpp\icons\blocks\RedstoneLampOff.png">
      <Filter>Resources</Filter>
    </ClInclude>
    <ClInclude Include="D:\latest-code\cpp\icons\blocks\RedstoneLampOn.png">
      <Filter>Resources</Filter>
    </ClInclude>
    <ClInclude Include="D:\latest-code\cpp\icons\types\Alpha.png">
      <Filter>Resources</Filter>
    </ClInclude>
    <ClInclude Include="D:\latest-code\cpp\icons\types\Beta.png">
      <Filter>Resources</Filter>
    </ClInclude>
    <ClInclude Include="D:\latest-code\cpp\icons\types\Release.png">
      <Filter>Resources</Filter>
    </ClInclude>
    <ClInclude Include="D:\latest-code\cpp\build-test\.qt\rcc\agreement_resources.qrc">
      <Filter>Source Files\Generated</Filter>
    </ClInclude>
    <ClInclude Include="D:\latest-code\cpp\qml\agreements\beta_agreement.html" />
    <ClInclude Include="D:\latest-code\cpp\qml\agreements\terms_of_service.html" />
    <ClInclude Include="D:\latest-code\cpp\qml\agreements\privacy_policy.html" />
    <ClInclude Include="D:\latest-code\cpp\build-test\.qt\rcc\tools_resources.qrc">
      <Filter>Source Files\Generated</Filter>
    </ClInclude>
    <ClInclude Include="D:\latest-code\cpp\resources\tools\forge-install-bootstrapper.jar" />
    <ClInclude Include="D:\latest-code\cpp\build-test\.qt\rcc\cape_resources.qrc">
      <Filter>Source Files\Generated</Filter>
    </ClInclude>
    <ClInclude Include="D:\latest-code\cpp\resources\capes\15th_anniversary.png">
      <Filter>Resources</Filter>
    </ClInclude>
    <ClInclude Include="D:\latest-code\cpp\resources\capes\builder.png">
      <Filter>Resources</Filter>
    </ClInclude>
    <ClInclude Include="D:\latest-code\cpp\resources\capes\cherry_blossom.png">
      <Filter>Resources</Filter>
    </ClInclude>
    <ClInclude Include="D:\latest-code\cpp\resources\capes\common.png">
      <Filter>Resources</Filter>
    </ClInclude>
    <ClInclude Include="D:\latest-code\cpp\resources\capes\copper.png">
      <Filter>Resources</Filter>
    </ClInclude>
    <ClInclude Include="D:\latest-code\cpp\resources\capes\followers.png">
      <Filter>Resources</Filter>
    </ClInclude>
    <ClInclude Include="D:\latest-code\cpp\resources\capes\founders.png">
      <Filter>Resources</Filter>
    </ClInclude>
    <ClInclude Include="D:\latest-code\cpp\resources\capes\home.png">
      <Filter>Resources</Filter>
    </ClInclude>
    <ClInclude Include="D:\latest-code\cpp\resources\capes\mcc_15th_year.png">
      <Filter>Resources</Filter>
    </ClInclude>
    <ClInclude Include="D:\latest-code\cpp\resources\capes\menace.png">
      <Filter>Resources</Filter>
    </ClInclude>
    <ClInclude Include="D:\latest-code\cpp\resources\capes\migrator.png">
      <Filter>Resources</Filter>
    </ClInclude>
    <ClInclude Include="D:\latest-code\cpp\resources\capes\minecon_2011.png">
      <Filter>Resources</Filter>
    </ClInclude>
    <ClInclude Include="D:\latest-code\cpp\resources\capes\minecon_2012.png">
      <Filter>Resources</Filter>
    </ClInclude>
    <ClInclude Include="D:\latest-code\cpp\resources\capes\minecon_2013.png">
      <Filter>Resources</Filter>
    </ClInclude>
    <ClInclude Include="D:\latest-code\cpp\resources\capes\minecon_2015.png">
      <Filter>Resources</Filter>
    </ClInclude>
    <ClInclude Include="D:\latest-code\cpp\resources\capes\minecon_2016.png">
      <Filter>Resources</Filter>
    </ClInclude>
    <ClInclude Include="D:\latest-code\cpp\resources\capes\minecraft_experience.png">
      <Filter>Resources</Filter>
    </ClInclude>
    <ClInclude Include="D:\latest-code\cpp\resources\capes\mojang.png">
      <Filter>Resources</Filter>
    </ClInclude>
    <ClInclude Include="D:\latest-code\cpp\resources\capes\mojang_studios.png">
      <Filter>Resources</Filter>
    </ClInclude>
    <ClInclude Include="D:\latest-code\cpp\resources\capes\pan.png">
      <Filter>Resources</Filter>
    </ClInclude>
    <ClInclude Include="D:\latest-code\cpp\resources\capes\purple_heart.png">
      <Filter>Resources</Filter>
    </ClInclude>
    <ClInclude Include="D:\latest-code\cpp\resources\capes\realms_mapmaker.png">
      <Filter>Resources</Filter>
    </ClInclude>
    <ClInclude Include="D:\latest-code\cpp\resources\capes\translator_chinese.png">
      <Filter>Resources</Filter>
    </ClInclude>
    <ClInclude Include="D:\latest-code\cpp\resources\capes\vanilla.png">
      <Filter>Resources</Filter>
    </ClInclude>
    <ClInclude Include="D:\latest-code\cpp\resources\capes\yearn.png">
      <Filter>Resources</Filter>
    </ClInclude>
    <ClInclude Include="D:\latest-code\cpp\resources\capes\zombie_horse.png">
      <Filter>Resources</Filter>
    </ClInclude>
    <ClInclude Include="D:\latest-code\cpp\i18n\shadow_zh_CN.ts" />
    <ClInclude Include="D:\latest-code\cpp\i18n\shadow_zh_HK.ts" />
    <ClInclude Include="D:\latest-code\cpp\i18n\shadow_zh_TW.ts" />
    <ClInclude Include="D:\latest-code\cpp\build-test\.qt\rcc\ShadowLauncher_translations.qrc" />
    <ClInclude Include="D:\latest-code\cpp\build-test\shadow_zh_CN.qm" />
    <ClInclude Include="D:\latest-code\cpp\build-test\shadow_zh_HK.qm" />
    <ClInclude Include="D:\latest-code\cpp\build-test\shadow_zh_TW.qm" />
  </ItemGroup>
  <ItemGroup>
    <CustomBuild Include="D:\latest-code\cpp\build-test\CMakeFiles\73d877d69044b7f3a46addaec2509f40\qrc_qml_resources.cpp.rule">
      <Filter>CMake Rules</Filter>
    </CustomBuild>
    <CustomBuild Include="D:\latest-code\cpp\build-test\CMakeFiles\73d877d69044b7f3a46addaec2509f40\qrc_icon_resources.cpp.rule">
      <Filter>CMake Rules</Filter>
    </CustomBuild>
    <CustomBuild Include="D:\latest-code\cpp\build-test\CMakeFiles\73d877d69044b7f3a46addaec2509f40\qrc_agreement_resources.cpp.rule">
      <Filter>CMake Rules</Filter>
    </CustomBuild>
    <CustomBuild Include="D:\latest-code\cpp\build-test\CMakeFiles\73d877d69044b7f3a46addaec2509f40\qrc_tools_resources.cpp.rule">
      <Filter>CMake Rules</Filter>
    </CustomBuild>
    <CustomBuild Include="D:\latest-code\cpp\build-test\CMakeFiles\73d877d69044b7f3a46addaec2509f40\qrc_cape_resources.cpp.rule">
      <Filter>CMake Rules</Filter>
    </CustomBuild>
    <CustomBuild Include="D:\latest-code\cpp\build-test\CMakeFiles\bbbec378016d30c0f04e8aacd15cc040\shadow_zh_CN.qm.rule">
      <Filter>CMake Rules</Filter>
    </CustomBuild>
    <CustomBuild Include="D:\latest-code\cpp\build-test\CMakeFiles\bbbec378016d30c0f04e8aacd15cc040\shadow_zh_HK.qm.rule">
      <Filter>CMake Rules</Filter>
    </CustomBuild>
    <CustomBuild Include="D:\latest-code\cpp\build-test\CMakeFiles\bbbec378016d30c0f04e8aacd15cc040\shadow_zh_TW.qm.rule">
      <Filter>CMake Rules</Filter>
    </CustomBuild>
    <CustomBuild Include="D:\latest-code\cpp\build-test\CMakeFiles\73d877d69044b7f3a46addaec2509f40\qrc_ShadowLauncher_translations.cpp.rule">
      <Filter>CMake Rules</Filter>
    </CustomBuild>
    <CustomBuild Include="D:\latest-code\cpp\CMakeLists.txt" />
  </ItemGroup>
  <ItemGroup>
    <None Include="D:\latest-code\cpp\timestamp_Debug" />
    <None Include="D:\latest-code\cpp\timestamp_Release" />
    <None Include="D:\latest-code\cpp\timestamp_MinSizeRel" />
    <None Include="D:\latest-code\cpp\timestamp_RelWithDebInfo" />
  </ItemGroup>
  <ItemGroup>
    <ResourceCompile Include="D:\latest-code\cpp\resources\app.rc">
      <Filter>Source Files</Filter>
    </ResourceCompile>
  </ItemGroup>
  <ItemGroup>
    <Filter Include="CMake Rules">
      <UniqueIdentifier>{3B2B2D26-E8E2-36B0-974A-342420E80DE8}</UniqueIdentifier>
    </Filter>
    <Filter Include="Header Files">
      <UniqueIdentifier>{C058CF57-CEF3-3A9C-9E0B-0880D398E0E5}</UniqueIdentifier>
    </Filter>
    <Filter Include="Resources">
      <UniqueIdentifier>{35CA152E-0461-3EB3-A5A4-074E46D73472}</UniqueIdentifier>
    </Filter>
    <Filter Include="Source Files">
      <UniqueIdentifier>{798A8AC4-3FB0-3E42-9AA4-160C89C590C6}</UniqueIdentifier>
    </Filter>
    <Filter Include="Source Files\Generated">
      <UniqueIdentifier>{A868564A-92E1-3540-B24B-04823D5A8463}</UniqueIdentifier>
    </Filter>
  </ItemGroup>
</Project>
