
Microsoft Visual Studio Solution File, Format Version 12.00
# Visual Studio Version 17
Project("{8BC9CEB8-8B4A-11D0-8D11-00A0C91BC942}") = "ALL_BUILD", "ALL_BUILD.vcxproj", "{0E5C020D-047E-3234-8B37-BA38963A36B7}"
	ProjectSection(ProjectDependencies) = postProject
		{089C3DB9-C20D-3F9A-B2CC-1557E1315714} = {089C3DB9-C20D-3F9A-B2CC-1557E1315714}
		{886EEB5C-DF88-34CA-9A38-B7EC6F3DB737} = {886EEB5C-DF88-34CA-9A38-B7EC6F3DB737}
		{A6BD7EDA-6A08-3561-AA55-9B57A56FFDFF} = {A6BD7EDA-6A08-3561-AA55-9B57A56FFDFF}
		{857B919D-5D2A-3E32-9221-5575D2C367C3} = {857B919D-5D2A-3E32-9221-5575D2C367C3}
		{6384F31E-8817-364D-9687-D6E84E638689} = {6384F31E-8817-364D-9687-D6E84E638689}
	EndProjectSection
EndProject
Project("{8BC9CEB8-8B4A-11D0-8D11-00A0C91BC942}") = "INSTALL", "INSTALL.vcxproj", "{2CA6F82B-3F80-3C31-A39E-A314ADDAA2E1}"
	ProjectSection(ProjectDependencies) = postProject
		{0E5C020D-047E-3234-8B37-BA38963A36B7} = {0E5C020D-047E-3234-8B37-BA38963A36B7}
		{857B919D-5D2A-3E32-9221-5575D2C367C3} = {857B919D-5D2A-3E32-9221-5575D2C367C3}
	EndProjectSection
EndProject
Project("{8BC9CEB8-8B4A-11D0-8D11-00A0C91BC942}") = "SLUpdater", "SLUpdater.vcxproj", "{089C3DB9-C20D-3F9A-B2CC-1557E1315714}"
	ProjectSection(ProjectDependencies) = postProject
		{857B919D-5D2A-3E32-9221-5575D2C367C3} = {857B919D-5D2A-3E32-9221-5575D2C367C3}
	EndProjectSection
EndProject
Project("{8BC9CEB8-8B4A-11D0-8D11-00A0C91BC942}") = "ShadowLauncher", "ShadowLauncher.vcxproj", "{886EEB5C-DF88-34CA-9A38-B7EC6F3DB737}"
	ProjectSection(ProjectDependencies) = postProject
		{089C3DB9-C20D-3F9A-B2CC-1557E1315714} = {089C3DB9-C20D-3F9A-B2CC-1557E1315714}
		{F2F4D4DD-8BD0-34E6-B1D5-CD152F95BB7D} = {F2F4D4DD-8BD0-34E6-B1D5-CD152F95BB7D}
		{878911C2-73A5-3428-BCCF-3E797AB42083} = {878911C2-73A5-3428-BCCF-3E797AB42083}
		{857B919D-5D2A-3E32-9221-5575D2C367C3} = {857B919D-5D2A-3E32-9221-5575D2C367C3}
	EndProjectSection
EndProject
Project("{8BC9CEB8-8B4A-11D0-8D11-00A0C91BC942}") = "ShadowLauncher_autogen", "ShadowLauncher_autogen.vcxproj", "{F2F4D4DD-8BD0-34E6-B1D5-CD152F95BB7D}"
	ProjectSection(ProjectDependencies) = postProject
		{B4EA1714-45F4-32D2-86A6-C3C97CE5BA84} = {B4EA1714-45F4-32D2-86A6-C3C97CE5BA84}
		{857B919D-5D2A-3E32-9221-5575D2C367C3} = {857B919D-5D2A-3E32-9221-5575D2C367C3}
	EndProjectSection
EndProject
Project("{8BC9CEB8-8B4A-11D0-8D11-00A0C91BC942}") = "ShadowLauncher_autogen_timestamp_deps", "ShadowLauncher_autogen_timestamp_deps.vcxproj", "{B4EA1714-45F4-32D2-86A6-C3C97CE5BA84}"
	ProjectSection(ProjectDependencies) = postProject
		{089C3DB9-C20D-3F9A-B2CC-1557E1315714} = {089C3DB9-C20D-3F9A-B2CC-1557E1315714}
		{878911C2-73A5-3428-BCCF-3E797AB42083} = {878911C2-73A5-3428-BCCF-3E797AB42083}
		{857B919D-5D2A-3E32-9221-5575D2C367C3} = {857B919D-5D2A-3E32-9221-5575D2C367C3}
	EndProjectSection
EndProject
Project("{8BC9CEB8-8B4A-11D0-8D11-00A0C91BC942}") = "ShadowLauncher_lrelease", "ShadowLauncher_lrelease.vcxproj", "{A6BD7EDA-6A08-3561-AA55-9B57A56FFDFF}"
	ProjectSection(ProjectDependencies) = postProject
		{857B919D-5D2A-3E32-9221-5575D2C367C3} = {857B919D-5D2A-3E32-9221-5575D2C367C3}
	EndProjectSection
EndProject
Project("{8BC9CEB8-8B4A-11D0-8D11-00A0C91BC942}") = "ShadowLauncher_lupdate", "ShadowLauncher_lupdate.vcxproj", "{C6C275D7-7289-33EB-B6BF-007199A51A07}"
	ProjectSection(ProjectDependencies) = postProject
		{857B919D-5D2A-3E32-9221-5575D2C367C3} = {857B919D-5D2A-3E32-9221-5575D2C367C3}
	EndProjectSection
EndProject
Project("{8BC9CEB8-8B4A-11D0-8D11-00A0C91BC942}") = "ShadowLauncher_qmlimportscan", "ShadowLauncher_qmlimportscan.vcxproj", "{878911C2-73A5-3428-BCCF-3E797AB42083}"
	ProjectSection(ProjectDependencies) = postProject
		{857B919D-5D2A-3E32-9221-5575D2C367C3} = {857B919D-5D2A-3E32-9221-5575D2C367C3}
	EndProjectSection
EndProject
Project("{8BC9CEB8-8B4A-11D0-8D11-00A0C91BC942}") = "ZERO_CHECK", "ZERO_CHECK.vcxproj", "{857B919D-5D2A-3E32-9221-5575D2C367C3}"
	ProjectSection(ProjectDependencies) = postProject
	EndProjectSection
EndProject
Project("{8BC9CEB8-8B4A-11D0-8D11-00A0C91BC942}") = "java_dl_test", "java_dl_test.vcxproj", "{6384F31E-8817-364D-9687-D6E84E638689}"
	ProjectSection(ProjectDependencies) = postProject
		{857B919D-5D2A-3E32-9221-5575D2C367C3} = {857B919D-5D2A-3E32-9221-5575D2C367C3}
		{83F1458C-791E-3073-89AD-8352C458AC8D} = {83F1458C-791E-3073-89AD-8352C458AC8D}
	EndProjectSection
EndProject
Project("{8BC9CEB8-8B4A-11D0-8D11-00A0C91BC942}") = "java_dl_test_autogen", "java_dl_test_autogen.vcxproj", "{83F1458C-791E-3073-89AD-8352C458AC8D}"
	ProjectSection(ProjectDependencies) = postProject
		{857B919D-5D2A-3E32-9221-5575D2C367C3} = {857B919D-5D2A-3E32-9221-5575D2C367C3}
		{CD278538-0F2E-3958-8744-C30856D2FE59} = {CD278538-0F2E-3958-8744-C30856D2FE59}
	EndProjectSection
EndProject
Project("{8BC9CEB8-8B4A-11D0-8D11-00A0C91BC942}") = "java_dl_test_autogen_timestamp_deps", "java_dl_test_autogen_timestamp_deps.vcxproj", "{CD278538-0F2E-3958-8744-C30856D2FE59}"
	ProjectSection(ProjectDependencies) = postProject
		{857B919D-5D2A-3E32-9221-5575D2C367C3} = {857B919D-5D2A-3E32-9221-5575D2C367C3}
	EndProjectSection
EndProject
Project("{8BC9CEB8-8B4A-11D0-8D11-00A0C91BC942}") = "release_translations", "release_translations.vcxproj", "{91147B37-075C-35D9-8DFF-8D359EE15084}"
	ProjectSection(ProjectDependencies) = postProject
		{A6BD7EDA-6A08-3561-AA55-9B57A56FFDFF} = {A6BD7EDA-6A08-3561-AA55-9B57A56FFDFF}
		{857B919D-5D2A-3E32-9221-5575D2C367C3} = {857B919D-5D2A-3E32-9221-5575D2C367C3}
	EndProjectSection
EndProject
Project("{8BC9CEB8-8B4A-11D0-8D11-00A0C91BC942}") = "update_translations", "update_translations.vcxproj", "{52FE4AA2-3F3A-3040-ABC0-87CF6B61B286}"
	ProjectSection(ProjectDependencies) = postProject
		{857B919D-5D2A-3E32-9221-5575D2C367C3} = {857B919D-5D2A-3E32-9221-5575D2C367C3}
	EndProjectSection
EndProject
Global
	GlobalSection(SolutionConfigurationPlatforms) = preSolution
		Debug|x64 = Debug|x64
		Release|x64 = Release|x64
		MinSizeRel|x64 = MinSizeRel|x64
		RelWithDebInfo|x64 = RelWithDebInfo|x64
	EndGlobalSection
	GlobalSection(ProjectConfigurationPlatforms) = postSolution
		{0E5C020D-047E-3234-8B37-BA38963A36B7}.Debug|x64.ActiveCfg = Debug|x64
		{0E5C020D-047E-3234-8B37-BA38963A36B7}.Debug|x64.Build.0 = Debug|x64
		{0E5C020D-047E-3234-8B37-BA38963A36B7}.Release|x64.ActiveCfg = Release|x64
		{0E5C020D-047E-3234-8B37-BA38963A36B7}.Release|x64.Build.0 = Release|x64
		{0E5C020D-047E-3234-8B37-BA38963A36B7}.MinSizeRel|x64.ActiveCfg = MinSizeRel|x64
		{0E5C020D-047E-3234-8B37-BA38963A36B7}.MinSizeRel|x64.Build.0 = MinSizeRel|x64
		{0E5C020D-047E-3234-8B37-BA38963A36B7}.RelWithDebInfo|x64.ActiveCfg = RelWithDebInfo|x64
		{0E5C020D-047E-3234-8B37-BA38963A36B7}.RelWithDebInfo|x64.Build.0 = RelWithDebInfo|x64
		{2CA6F82B-3F80-3C31-A39E-A314ADDAA2E1}.Debug|x64.ActiveCfg = Debug|x64
		{2CA6F82B-3F80-3C31-A39E-A314ADDAA2E1}.Release|x64.ActiveCfg = Release|x64
		{2CA6F82B-3F80-3C31-A39E-A314ADDAA2E1}.MinSizeRel|x64.ActiveCfg = MinSizeRel|x64
		{2CA6F82B-3F80-3C31-A39E-A314ADDAA2E1}.RelWithDebInfo|x64.ActiveCfg = RelWithDebInfo|x64
		{089C3DB9-C20D-3F9A-B2CC-1557E1315714}.Debug|x64.ActiveCfg = Debug|x64
		{089C3DB9-C20D-3F9A-B2CC-1557E1315714}.Debug|x64.Build.0 = Debug|x64
		{089C3DB9-C20D-3F9A-B2CC-1557E1315714}.Release|x64.ActiveCfg = Release|x64
		{089C3DB9-C20D-3F9A-B2CC-1557E1315714}.Release|x64.Build.0 = Release|x64
		{089C3DB9-C20D-3F9A-B2CC-1557E1315714}.MinSizeRel|x64.ActiveCfg = MinSizeRel|x64
		{089C3DB9-C20D-3F9A-B2CC-1557E1315714}.MinSizeRel|x64.Build.0 = MinSizeRel|x64
		{089C3DB9-C20D-3F9A-B2CC-1557E1315714}.RelWithDebInfo|x64.ActiveCfg = RelWithDebInfo|x64
		{089C3DB9-C20D-3F9A-B2CC-1557E1315714}.RelWithDebInfo|x64.Build.0 = RelWithDebInfo|x64
		{886EEB5C-DF88-34CA-9A38-B7EC6F3DB737}.Debug|x64.ActiveCfg = Debug|x64
		{886EEB5C-DF88-34CA-9A38-B7EC6F3DB737}.Debug|x64.Build.0 = Debug|x64
		{886EEB5C-DF88-34CA-9A38-B7EC6F3DB737}.Release|x64.ActiveCfg = Release|x64
		{886EEB5C-DF88-34CA-9A38-B7EC6F3DB737}.Release|x64.Build.0 = Release|x64
		{886EEB5C-DF88-34CA-9A38-B7EC6F3DB737}.MinSizeRel|x64.ActiveCfg = MinSizeRel|x64
		{886EEB5C-DF88-34CA-9A38-B7EC6F3DB737}.MinSizeRel|x64.Build.0 = MinSizeRel|x64
		{886EEB5C-DF88-34CA-9A38-B7EC6F3DB737}.RelWithDebInfo|x64.ActiveCfg = RelWithDebInfo|x64
		{886EEB5C-DF88-34CA-9A38-B7EC6F3DB737}.RelWithDebInfo|x64.Build.0 = RelWithDebInfo|x64
		{F2F4D4DD-8BD0-34E6-B1D5-CD152F95BB7D}.Debug|x64.ActiveCfg = Debug|x64
		{F2F4D4DD-8BD0-34E6-B1D5-CD152F95BB7D}.Debug|x64.Build.0 = Debug|x64
		{F2F4D4DD-8BD0-34E6-B1D5-CD152F95BB7D}.Release|x64.ActiveCfg = Release|x64
		{F2F4D4DD-8BD0-34E6-B1D5-CD152F95BB7D}.Release|x64.Build.0 = Release|x64
		{F2F4D4DD-8BD0-34E6-B1D5-CD152F95BB7D}.MinSizeRel|x64.ActiveCfg = MinSizeRel|x64
		{F2F4D4DD-8BD0-34E6-B1D5-CD152F95BB7D}.MinSizeRel|x64.Build.0 = MinSizeRel|x64
		{F2F4D4DD-8BD0-34E6-B1D5-CD152F95BB7D}.RelWithDebInfo|x64.ActiveCfg = RelWithDebInfo|x64
		{F2F4D4DD-8BD0-34E6-B1D5-CD152F95BB7D}.RelWithDebInfo|x64.Build.0 = RelWithDebInfo|x64
		{B4EA1714-45F4-32D2-86A6-C3C97CE5BA84}.Debug|x64.ActiveCfg = Debug|x64
		{B4EA1714-45F4-32D2-86A6-C3C97CE5BA84}.Debug|x64.Build.0 = Debug|x64
		{B4EA1714-45F4-32D2-86A6-C3C97CE5BA84}.Release|x64.ActiveCfg = Release|x64
		{B4EA1714-45F4-32D2-86A6-C3C97CE5BA84}.Release|x64.Build.0 = Release|x64
		{B4EA1714-45F4-32D2-86A6-C3C97CE5BA84}.MinSizeRel|x64.ActiveCfg = MinSizeRel|x64
		{B4EA1714-45F4-32D2-86A6-C3C97CE5BA84}.MinSizeRel|x64.Build.0 = MinSizeRel|x64
		{B4EA1714-45F4-32D2-86A6-C3C97CE5BA84}.RelWithDebInfo|x64.ActiveCfg = RelWithDebInfo|x64
		{B4EA1714-45F4-32D2-86A6-C3C97CE5BA84}.RelWithDebInfo|x64.Build.0 = RelWithDebInfo|x64
		{A6BD7EDA-6A08-3561-AA55-9B57A56FFDFF}.Debug|x64.ActiveCfg = Debug|x64
		{A6BD7EDA-6A08-3561-AA55-9B57A56FFDFF}.Debug|x64.Build.0 = Debug|x64
		{A6BD7EDA-6A08-3561-AA55-9B57A56FFDFF}.Release|x64.ActiveCfg = Release|x64
		{A6BD7EDA-6A08-3561-AA55-9B57A56FFDFF}.Release|x64.Build.0 = Release|x64
		{A6BD7EDA-6A08-3561-AA55-9B57A56FFDFF}.MinSizeRel|x64.ActiveCfg = MinSizeRel|x64
		{A6BD7EDA-6A08-3561-AA55-9B57A56FFDFF}.MinSizeRel|x64.Build.0 = MinSizeRel|x64
		{A6BD7EDA-6A08-3561-AA55-9B57A56FFDFF}.RelWithDebInfo|x64.ActiveCfg = RelWithDebInfo|x64
		{A6BD7EDA-6A08-3561-AA55-9B57A56FFDFF}.RelWithDebInfo|x64.Build.0 = RelWithDebInfo|x64
		{C6C275D7-7289-33EB-B6BF-007199A51A07}.Debug|x64.ActiveCfg = Debug|x64
		{C6C275D7-7289-33EB-B6BF-007199A51A07}.Release|x64.ActiveCfg = Release|x64
		{C6C275D7-7289-33EB-B6BF-007199A51A07}.MinSizeRel|x64.ActiveCfg = MinSizeRel|x64
		{C6C275D7-7289-33EB-B6BF-007199A51A07}.RelWithDebInfo|x64.ActiveCfg = RelWithDebInfo|x64
		{878911C2-73A5-3428-BCCF-3E797AB42083}.Debug|x64.ActiveCfg = Debug|x64
		{878911C2-73A5-3428-BCCF-3E797AB42083}.Debug|x64.Build.0 = Debug|x64
		{878911C2-73A5-3428-BCCF-3E797AB42083}.Release|x64.ActiveCfg = Release|x64
		{878911C2-73A5-3428-BCCF-3E797AB42083}.Release|x64.Build.0 = Release|x64
		{878911C2-73A5-3428-BCCF-3E797AB42083}.MinSizeRel|x64.ActiveCfg = MinSizeRel|x64
		{878911C2-73A5-3428-BCCF-3E797AB42083}.MinSizeRel|x64.Build.0 = MinSizeRel|x64
		{878911C2-73A5-3428-BCCF-3E797AB42083}.RelWithDebInfo|x64.ActiveCfg = RelWithDebInfo|x64
		{878911C2-73A5-3428-BCCF-3E797AB42083}.RelWithDebInfo|x64.Build.0 = RelWithDebInfo|x64
		{857B919D-5D2A-3E32-9221-5575D2C367C3}.Debug|x64.ActiveCfg = Debug|x64
		{857B919D-5D2A-3E32-9221-5575D2C367C3}.Debug|x64.Build.0 = Debug|x64
		{857B919D-5D2A-3E32-9221-5575D2C367C3}.Release|x64.ActiveCfg = Release|x64
		{857B919D-5D2A-3E32-9221-5575D2C367C3}.Release|x64.Build.0 = Release|x64
		{857B919D-5D2A-3E32-9221-5575D2C367C3}.MinSizeRel|x64.ActiveCfg = MinSizeRel|x64
		{857B919D-5D2A-3E32-9221-5575D2C367C3}.MinSizeRel|x64.Build.0 = MinSizeRel|x64
		{857B919D-5D2A-3E32-9221-5575D2C367C3}.RelWithDebInfo|x64.ActiveCfg = RelWithDebInfo|x64
		{857B919D-5D2A-3E32-9221-5575D2C367C3}.RelWithDebInfo|x64.Build.0 = RelWithDebInfo|x64
		{6384F31E-8817-364D-9687-D6E84E638689}.Debug|x64.ActiveCfg = Debug|x64
		{6384F31E-8817-364D-9687-D6E84E638689}.Debug|x64.Build.0 = Debug|x64
		{6384F31E-8817-364D-9687-D6E84E638689}.Release|x64.ActiveCfg = Release|x64
		{6384F31E-8817-364D-9687-D6E84E638689}.Release|x64.Build.0 = Release|x64
		{6384F31E-8817-364D-9687-D6E84E638689}.MinSizeRel|x64.ActiveCfg = MinSizeRel|x64
		{6384F31E-8817-364D-9687-D6E84E638689}.MinSizeRel|x64.Build.0 = MinSizeRel|x64
		{6384F31E-8817-364D-9687-D6E84E638689}.RelWithDebInfo|x64.ActiveCfg = RelWithDebInfo|x64
		{6384F31E-8817-364D-9687-D6E84E638689}.RelWithDebInfo|x64.Build.0 = RelWithDebInfo|x64
		{83F1458C-791E-3073-89AD-8352C458AC8D}.Debug|x64.ActiveCfg = Debug|x64
		{83F1458C-791E-3073-89AD-8352C458AC8D}.Debug|x64.Build.0 = Debug|x64
		{83F1458C-791E-3073-89AD-8352C458AC8D}.Release|x64.ActiveCfg = Release|x64
		{83F1458C-791E-3073-89AD-8352C458AC8D}.Release|x64.Build.0 = Release|x64
		{83F1458C-791E-3073-89AD-8352C458AC8D}.MinSizeRel|x64.ActiveCfg = MinSizeRel|x64
		{83F1458C-791E-3073-89AD-8352C458AC8D}.MinSizeRel|x64.Build.0 = MinSizeRel|x64
		{83F1458C-791E-3073-89AD-8352C458AC8D}.RelWithDebInfo|x64.ActiveCfg = RelWithDebInfo|x64
		{83F1458C-791E-3073-89AD-8352C458AC8D}.RelWithDebInfo|x64.Build.0 = RelWithDebInfo|x64
		{CD278538-0F2E-3958-8744-C30856D2FE59}.Debug|x64.ActiveCfg = Debug|x64
		{CD278538-0F2E-3958-8744-C30856D2FE59}.Debug|x64.Build.0 = Debug|x64
		{CD278538-0F2E-3958-8744-C30856D2FE59}.Release|x64.ActiveCfg = Release|x64
		{CD278538-0F2E-3958-8744-C30856D2FE59}.Release|x64.Build.0 = Release|x64
		{CD278538-0F2E-3958-8744-C30856D2FE59}.MinSizeRel|x64.ActiveCfg = MinSizeRel|x64
		{CD278538-0F2E-3958-8744-C30856D2FE59}.MinSizeRel|x64.Build.0 = MinSizeRel|x64
		{CD278538-0F2E-3958-8744-C30856D2FE59}.RelWithDebInfo|x64.ActiveCfg = RelWithDebInfo|x64
		{CD278538-0F2E-3958-8744-C30856D2FE59}.RelWithDebInfo|x64.Build.0 = RelWithDebInfo|x64
		{91147B37-075C-35D9-8DFF-8D359EE15084}.Debug|x64.ActiveCfg = Debug|x64
		{91147B37-075C-35D9-8DFF-8D359EE15084}.Release|x64.ActiveCfg = Release|x64
		{91147B37-075C-35D9-8DFF-8D359EE15084}.MinSizeRel|x64.ActiveCfg = MinSizeRel|x64
		{91147B37-075C-35D9-8DFF-8D359EE15084}.RelWithDebInfo|x64.ActiveCfg = RelWithDebInfo|x64
		{52FE4AA2-3F3A-3040-ABC0-87CF6B61B286}.Debug|x64.ActiveCfg = Debug|x64
		{52FE4AA2-3F3A-3040-ABC0-87CF6B61B286}.Release|x64.ActiveCfg = Release|x64
		{52FE4AA2-3F3A-3040-ABC0-87CF6B61B286}.MinSizeRel|x64.ActiveCfg = MinSizeRel|x64
		{52FE4AA2-3F3A-3040-ABC0-87CF6B61B286}.RelWithDebInfo|x64.ActiveCfg = RelWithDebInfo|x64
	EndGlobalSection
	GlobalSection(ExtensibilityGlobals) = postSolution
		SolutionGuid = {19477185-B8FC-3961-BCD3-199BFFEFF7BD}
	EndGlobalSection
	GlobalSection(ExtensibilityAddIns) = postSolution
	EndGlobalSection
EndGlobal
