<?xml version="1.0" encoding="utf-8"?>
<Project ToolsVersion="17.0" xmlns="http://schemas.microsoft.com/developer/msbuild/2003">
  <ItemGroup>
    <ClCompile Include="D:\MC_Project\shadow-launcher\cpp\build4\ShadowLauncher_autogen\mocs_compilation_Debug.cpp">
      <Filter>Source Files</Filter>
    </ClCompile>
    <ClCompile Include="D:\MC_Project\shadow-launcher\cpp\src\main.cpp">
      <Filter>Source Files</Filter>
    </ClCompile>
    <ClCompile Include="D:\MC_Project\shadow-launcher\cpp\src\utils\logger.cpp">
      <Filter>Source Files</Filter>
    </ClCompile>
    <ClCompile Include="D:\MC_Project\shadow-launcher\cpp\src\core\http_client.cpp">
      <Filter>Source Files</Filter>
    </ClCompile>
    <ClCompile Include="D:\MC_Project\shadow-launcher\cpp\src\core\logger.cpp">
      <Filter>Source Files</Filter>
    </ClCompile>
    <ClCompile Include="D:\MC_Project\shadow-launcher\cpp\src\core\version_manager.cpp">
      <Filter>Source Files</Filter>
    </ClCompile>
    <ClCompile Include="D:\MC_Project\shadow-launcher\cpp\src\core\downloader.cpp">
      <Filter>Source Files</Filter>
    </ClCompile>
    <ClCompile Include="D:\MC_Project\shadow-launcher\cpp\src\core\parallel_downloader.cpp">
      <Filter>Source Files</Filter>
    </ClCompile>
    <ClCompile Include="D:\MC_Project\shadow-launcher\cpp\src\core\version_downloader.cpp">
      <Filter>Source Files</Filter>
    </ClCompile>
    <ClCompile Include="D:\MC_Project\shadow-launcher\cpp\src\core\launcher.cpp">
      <Filter>Source Files</Filter>
    </ClCompile>
    <ClCompile Include="D:\MC_Project\shadow-launcher\cpp\src\core\mod_manager.cpp">
      <Filter>Source Files</Filter>
    </ClCompile>
    <ClCompile Include="D:\MC_Project\shadow-launcher\cpp\src\core\version_isolation.cpp">
      <Filter>Source Files</Filter>
    </ClCompile>
    <ClCompile Include="D:\MC_Project\shadow-launcher\cpp\src\backend\app_backend.cpp">
      <Filter>Source Files</Filter>
    </ClCompile>
    <ClCompile Include="D:\MC_Project\shadow-launcher\cpp\src\backend\settings_backend.cpp">
      <Filter>Source Files</Filter>
    </ClCompile>
    <ClCompile Include="D:\MC_Project\shadow-launcher\cpp\src\backend\account_backend.cpp">
      <Filter>Source Files</Filter>
    </ClCompile>
    <ClCompile Include="D:\MC_Project\shadow-launcher\cpp\src\backend\version_backend.cpp">
      <Filter>Source Files</Filter>
    </ClCompile>
    <ClCompile Include="D:\MC_Project\shadow-launcher\cpp\src\backend\launch_backend.cpp">
      <Filter>Source Files</Filter>
    </ClCompile>
    <ClCompile Include="D:\MC_Project\shadow-launcher\cpp\src\backend\resource_backend.cpp">
      <Filter>Source Files</Filter>
    </ClCompile>
    <ClCompile Include="D:\MC_Project\shadow-launcher\cpp\src\backend\check_backend.cpp">
      <Filter>Source Files</Filter>
    </ClCompile>
    <ClCompile Include="D:\MC_Project\shadow-launcher\cpp\src\backend\shadow_backend.cpp">
      <Filter>Source Files</Filter>
    </ClCompile>
    <ClCompile Include="D:\MC_Project\shadow-launcher\cpp\build4\shadowlauncher_qmltyperegistrations.cpp">
      <Filter>Source Files</Filter>
    </ClCompile>
    <ClCompile Include="D:\MC_Project\shadow-launcher\cpp\build4\.rcc\qrc_qmake_ShadowLauncher.cpp">
      <Filter>Source Files</Filter>
    </ClCompile>
    <ClCompile Include="D:\MC_Project\shadow-launcher\cpp\build4\.rcc\qmlcache\ShadowLauncher_qmlcache_loader.cpp">
      <Filter>Source Files</Filter>
    </ClCompile>
    <ClCompile Include="D:\MC_Project\shadow-launcher\cpp\build4\.rcc\qmlcache\ShadowLauncher_qml\MainWindow_qml.cpp">
      <Filter>Source Files</Filter>
    </ClCompile>
    <ClCompile Include="D:\MC_Project\shadow-launcher\cpp\build4\.rcc\qmlcache\ShadowLauncher_qml\HomePage_qml.cpp">
      <Filter>Source Files</Filter>
    </ClCompile>
    <ClCompile Include="D:\MC_Project\shadow-launcher\cpp\build4\.rcc\qmlcache\ShadowLauncher_qml\DownloadPage_qml.cpp">
      <Filter>Source Files</Filter>
    </ClCompile>
    <ClCompile Include="D:\MC_Project\shadow-launcher\cpp\build4\.rcc\qmlcache\ShadowLauncher_qml\DownloadProgressPage_qml.cpp">
      <Filter>Source Files</Filter>
    </ClCompile>
    <ClCompile Include="D:\MC_Project\shadow-launcher\cpp\build4\.rcc\qmlcache\ShadowLauncher_qml\SettingsPage_qml.cpp">
      <Filter>Source Files</Filter>
    </ClCompile>
    <ClCompile Include="D:\MC_Project\shadow-launcher\cpp\build4\.rcc\qmlcache\ShadowLauncher_qml\SettingsGeneralPage_qml.cpp">
      <Filter>Source Files</Filter>
    </ClCompile>
    <ClCompile Include="D:\MC_Project\shadow-launcher\cpp\build4\.rcc\qmlcache\ShadowLauncher_qml\SettingsJavaPage_qml.cpp">
      <Filter>Source Files</Filter>
    </ClCompile>
    <ClCompile Include="D:\MC_Project\shadow-launcher\cpp\build4\.rcc\qmlcache\ShadowLauncher_qml\SettingsMemoryPage_qml.cpp">
      <Filter>Source Files</Filter>
    </ClCompile>
    <ClCompile Include="D:\MC_Project\shadow-launcher\cpp\build4\.rcc\qmlcache\ShadowLauncher_qml\VersionSelectPage_qml.cpp">
      <Filter>Source Files</Filter>
    </ClCompile>
    <ClCompile Include="D:\MC_Project\shadow-launcher\cpp\build4\.rcc\qmlcache\ShadowLauncher_qml\VersionSettingsPage_qml.cpp">
      <Filter>Source Files</Filter>
    </ClCompile>
    <ClCompile Include="D:\MC_Project\shadow-launcher\cpp\build4\.rcc\qmlcache\ShadowLauncher_qml\LaunchOverlay_qml.cpp">
      <Filter>Source Files</Filter>
    </ClCompile>
    <ClCompile Include="D:\MC_Project\shadow-launcher\cpp\build4\.rcc\qmlcache\ShadowLauncher_qml\InstallConfigOverlay_qml.cpp">
      <Filter>Source Files</Filter>
    </ClCompile>
    <ClCompile Include="D:\MC_Project\shadow-launcher\cpp\build4\.rcc\qmlcache\ShadowLauncher_qml\KillButton_qml.cpp">
      <Filter>Source Files</Filter>
    </ClCompile>
    <ClCompile Include="D:\MC_Project\shadow-launcher\cpp\build4\.rcc\qmlcache\ShadowLauncher_qml\ShadowButton_qml.cpp">
      <Filter>Source Files</Filter>
    </ClCompile>
    <ClCompile Include="D:\MC_Project\shadow-launcher\cpp\build4\.rcc\qmlcache\ShadowLauncher_qml\SubPageOverlays_qml.cpp">
      <Filter>Source Files</Filter>
    </ClCompile>
    <ClCompile Include="D:\MC_Project\shadow-launcher\cpp\build4\.rcc\qmlcache\ShadowLauncher_qml\ToastManager_qml.cpp">
      <Filter>Source Files</Filter>
    </ClCompile>
    <ClCompile Include="D:\MC_Project\shadow-launcher\cpp\build4\.rcc\qrc_ShadowLauncher_raw_qml_0.cpp">
      <Filter>Source Files</Filter>
    </ClCompile>
    <ClCompile Include="D:\MC_Project\shadow-launcher\cpp\build4\ShadowLauncher_autogen\mocs_compilation_Release.cpp">
      <Filter>Source Files</Filter>
    </ClCompile>
    <ClCompile Include="D:\MC_Project\shadow-launcher\cpp\build4\ShadowLauncher_autogen\mocs_compilation_MinSizeRel.cpp">
      <Filter>Source Files</Filter>
    </ClCompile>
    <ClCompile Include="D:\MC_Project\shadow-launcher\cpp\build4\ShadowLauncher_autogen\mocs_compilation_RelWithDebInfo.cpp">
      <Filter>Source Files</Filter>
    </ClCompile>
  </ItemGroup>
  <ItemGroup>
    <ClInclude Include="D:\MC_Project\shadow-launcher\cpp\src\utils\types.h">
      <Filter>Header Files</Filter>
    </ClInclude>
    <ClInclude Include="D:\MC_Project\shadow-launcher\cpp\src\utils\logger.h">
      <Filter>Header Files</Filter>
    </ClInclude>
    <ClInclude Include="D:\MC_Project\shadow-launcher\cpp\src\core\http_client.h">
      <Filter>Header Files</Filter>
    </ClInclude>
    <ClInclude Include="D:\MC_Project\shadow-launcher\cpp\src\core\logger.h">
      <Filter>Header Files</Filter>
    </ClInclude>
    <ClInclude Include="D:\MC_Project\shadow-launcher\cpp\src\core\version_manager.h">
      <Filter>Header Files</Filter>
    </ClInclude>
    <ClInclude Include="D:\MC_Project\shadow-launcher\cpp\src\core\downloader.h">
      <Filter>Header Files</Filter>
    </ClInclude>
    <ClInclude Include="D:\MC_Project\shadow-launcher\cpp\src\core\parallel_downloader.h">
      <Filter>Header Files</Filter>
    </ClInclude>
    <ClInclude Include="D:\MC_Project\shadow-launcher\cpp\src\core\version_downloader.h">
      <Filter>Header Files</Filter>
    </ClInclude>
    <ClInclude Include="D:\MC_Project\shadow-launcher\cpp\src\core\launcher.h">
      <Filter>Header Files</Filter>
    </ClInclude>
    <ClInclude Include="D:\MC_Project\shadow-launcher\cpp\src\core\mod_manager.h">
      <Filter>Header Files</Filter>
    </ClInclude>
    <ClInclude Include="D:\MC_Project\shadow-launcher\cpp\src\core\version_isolation.h">
      <Filter>Header Files</Filter>
    </ClInclude>
    <ClInclude Include="D:\MC_Project\shadow-launcher\cpp\src\backend\app_backend.h">
      <Filter>Header Files</Filter>
    </ClInclude>
    <ClInclude Include="D:\MC_Project\shadow-launcher\cpp\src\backend\settings_backend.h">
      <Filter>Header Files</Filter>
    </ClInclude>
    <ClInclude Include="D:\MC_Project\shadow-launcher\cpp\src\backend\account_backend.h">
      <Filter>Header Files</Filter>
    </ClInclude>
    <ClInclude Include="D:\MC_Project\shadow-launcher\cpp\src\backend\version_backend.h">
      <Filter>Header Files</Filter>
    </ClInclude>
    <ClInclude Include="D:\MC_Project\shadow-launcher\cpp\src\backend\launch_backend.h">
      <Filter>Header Files</Filter>
    </ClInclude>
    <ClInclude Include="D:\MC_Project\shadow-launcher\cpp\src\backend\resource_backend.h">
      <Filter>Header Files</Filter>
    </ClInclude>
    <ClInclude Include="D:\MC_Project\shadow-launcher\cpp\src\backend\check_backend.h">
      <Filter>Header Files</Filter>
    </ClInclude>
    <ClInclude Include="D:\MC_Project\shadow-launcher\cpp\src\backend\shadow_backend.h">
      <Filter>Header Files</Filter>
    </ClInclude>
    <ClInclude Include="D:\MC_Project\shadow-launcher\cpp\build4\ddf_ShadowLauncher.h">
      <Filter>Header Files</Filter>
    </ClInclude>
    <ClInclude Include="D:\MC_Project\shadow-launcher\cpp\build4\ShadowLauncher\qmldir" />
  </ItemGroup>
  <ItemGroup>
    <CustomBuild Include="D:\MC_Project\shadow-launcher\cpp\build4\CMakeFiles\326a66d92fdfe988f6a8cdb6dc707bfa\qt6shadowlauncher_metatypes.json.gen.rule">
      <Filter>CMake Rules</Filter>
    </CustomBuild>
    <CustomBuild Include="D:\MC_Project\shadow-launcher\cpp\build4\CMakeFiles\cb0313269b1372caf622ac1dee73296c\shadowlauncher_qmltyperegistrations.cpp.rule">
      <Filter>CMake Rules</Filter>
    </CustomBuild>
    <CustomBuild Include="D:\MC_Project\shadow-launcher\cpp\build4\CMakeFiles\157bd79fdd995969927cf10e229deb63\qrc_qmake_ShadowLauncher.cpp.rule">
      <Filter>CMake Rules</Filter>
    </CustomBuild>
    <CustomBuild Include="D:\MC_Project\shadow-launcher\cpp\build4\CMakeFiles\19717ebea845b44c279378c36ee5fc56\MainWindow_qml.cpp.rule">
      <Filter>CMake Rules</Filter>
    </CustomBuild>
    <CustomBuild Include="D:\MC_Project\shadow-launcher\cpp\build4\CMakeFiles\19717ebea845b44c279378c36ee5fc56\HomePage_qml.cpp.rule">
      <Filter>CMake Rules</Filter>
    </CustomBuild>
    <CustomBuild Include="D:\MC_Project\shadow-launcher\cpp\build4\CMakeFiles\19717ebea845b44c279378c36ee5fc56\DownloadPage_qml.cpp.rule">
      <Filter>CMake Rules</Filter>
    </CustomBuild>
    <CustomBuild Include="D:\MC_Project\shadow-launcher\cpp\build4\CMakeFiles\19717ebea845b44c279378c36ee5fc56\DownloadProgressPage_qml.cpp.rule">
      <Filter>CMake Rules</Filter>
    </CustomBuild>
    <CustomBuild Include="D:\MC_Project\shadow-launcher\cpp\build4\CMakeFiles\19717ebea845b44c279378c36ee5fc56\SettingsPage_qml.cpp.rule">
      <Filter>CMake Rules</Filter>
    </CustomBuild>
    <CustomBuild Include="D:\MC_Project\shadow-launcher\cpp\build4\CMakeFiles\19717ebea845b44c279378c36ee5fc56\SettingsGeneralPage_qml.cpp.rule">
      <Filter>CMake Rules</Filter>
    </CustomBuild>
    <CustomBuild Include="D:\MC_Project\shadow-launcher\cpp\build4\CMakeFiles\19717ebea845b44c279378c36ee5fc56\SettingsJavaPage_qml.cpp.rule">
      <Filter>CMake Rules</Filter>
    </CustomBuild>
    <CustomBuild Include="D:\MC_Project\shadow-launcher\cpp\build4\CMakeFiles\19717ebea845b44c279378c36ee5fc56\SettingsMemoryPage_qml.cpp.rule">
      <Filter>CMake Rules</Filter>
    </CustomBuild>
    <CustomBuild Include="D:\MC_Project\shadow-launcher\cpp\build4\CMakeFiles\19717ebea845b44c279378c36ee5fc56\VersionSelectPage_qml.cpp.rule">
      <Filter>CMake Rules</Filter>
    </CustomBuild>
    <CustomBuild Include="D:\MC_Project\shadow-launcher\cpp\build4\CMakeFiles\19717ebea845b44c279378c36ee5fc56\VersionSettingsPage_qml.cpp.rule">
      <Filter>CMake Rules</Filter>
    </CustomBuild>
    <CustomBuild Include="D:\MC_Project\shadow-launcher\cpp\build4\CMakeFiles\19717ebea845b44c279378c36ee5fc56\LaunchOverlay_qml.cpp.rule">
      <Filter>CMake Rules</Filter>
    </CustomBuild>
    <CustomBuild Include="D:\MC_Project\shadow-launcher\cpp\build4\CMakeFiles\19717ebea845b44c279378c36ee5fc56\InstallConfigOverlay_qml.cpp.rule">
      <Filter>CMake Rules</Filter>
    </CustomBuild>
    <CustomBuild Include="D:\MC_Project\shadow-launcher\cpp\build4\CMakeFiles\19717ebea845b44c279378c36ee5fc56\KillButton_qml.cpp.rule">
      <Filter>CMake Rules</Filter>
    </CustomBuild>
    <CustomBuild Include="D:\MC_Project\shadow-launcher\cpp\build4\CMakeFiles\19717ebea845b44c279378c36ee5fc56\ShadowButton_qml.cpp.rule">
      <Filter>CMake Rules</Filter>
    </CustomBuild>
    <CustomBuild Include="D:\MC_Project\shadow-launcher\cpp\build4\CMakeFiles\19717ebea845b44c279378c36ee5fc56\SubPageOverlays_qml.cpp.rule">
      <Filter>CMake Rules</Filter>
    </CustomBuild>
    <CustomBuild Include="D:\MC_Project\shadow-launcher\cpp\build4\CMakeFiles\19717ebea845b44c279378c36ee5fc56\ToastManager_qml.cpp.rule">
      <Filter>CMake Rules</Filter>
    </CustomBuild>
    <CustomBuild Include="D:\MC_Project\shadow-launcher\cpp\build4\CMakeFiles\157bd79fdd995969927cf10e229deb63\qrc_ShadowLauncher_raw_qml_0.cpp.rule">
      <Filter>CMake Rules</Filter>
    </CustomBuild>
    <CustomBuild Include="D:\MC_Project\shadow-launcher\cpp\CMakeLists.txt" />
  </ItemGroup>
  <ItemGroup>
    <None Include="D:\MC_Project\shadow-launcher\cpp\build4\meta_types\qt6shadowlauncher_metatypes.json.gen" />
    <None Include="D:\MC_Project\shadow-launcher\cpp\qml\MainWindow.qml" />
    <None Include="D:\MC_Project\shadow-launcher\cpp\qml\HomePage.qml" />
    <None Include="D:\MC_Project\shadow-launcher\cpp\qml\DownloadPage.qml" />
    <None Include="D:\MC_Project\shadow-launcher\cpp\qml\DownloadProgressPage.qml" />
    <None Include="D:\MC_Project\shadow-launcher\cpp\qml\SettingsPage.qml" />
    <None Include="D:\MC_Project\shadow-launcher\cpp\qml\SettingsGeneralPage.qml" />
    <None Include="D:\MC_Project\shadow-launcher\cpp\qml\SettingsJavaPage.qml" />
    <None Include="D:\MC_Project\shadow-launcher\cpp\qml\SettingsMemoryPage.qml" />
    <None Include="D:\MC_Project\shadow-launcher\cpp\qml\VersionSelectPage.qml" />
    <None Include="D:\MC_Project\shadow-launcher\cpp\qml\VersionSettingsPage.qml" />
    <None Include="D:\MC_Project\shadow-launcher\cpp\qml\LaunchOverlay.qml" />
    <None Include="D:\MC_Project\shadow-launcher\cpp\qml\InstallConfigOverlay.qml" />
    <None Include="D:\MC_Project\shadow-launcher\cpp\qml\KillButton.qml" />
    <None Include="D:\MC_Project\shadow-launcher\cpp\qml\ShadowButton.qml" />
    <None Include="D:\MC_Project\shadow-launcher\cpp\qml\SubPageOverlays.qml" />
    <None Include="D:\MC_Project\shadow-launcher\cpp\qml\ToastManager.qml" />
    <None Include="C:\Qt\6.5.3\msvc2019_64\metatypes\qt6core_metatypes.json" />
    <None Include="C:\Qt\6.5.3\msvc2019_64\metatypes\qt6qml_metatypes.json" />
    <None Include="C:\Qt\6.5.3\msvc2019_64\metatypes\qt6network_metatypes.json" />
    <None Include="C:\Qt\6.5.3\msvc2019_64\metatypes\qt6gui_metatypes.json" />
    <None Include="C:\Qt\6.5.3\msvc2019_64\metatypes\qt6quick_metatypes.json" />
    <None Include="C:\Qt\6.5.3\msvc2019_64\metatypes\qt6qmlmodels_metatypes.json" />
    <None Include="C:\Qt\6.5.3\msvc2019_64\metatypes\qt6opengl_metatypes.json" />
    <None Include="C:\Qt\6.5.3\msvc2019_64\metatypes\qt6quickcontrols2_metatypes.json" />
    <None Include="C:\Qt\6.5.3\msvc2019_64\metatypes\qt6widgets_metatypes.json" />
  </ItemGroup>
  <ItemGroup>
    <Filter Include="CMake Rules">
      <UniqueIdentifier>{C8430BDD-0C3C-3C2F-A07E-9008072B68FF}</UniqueIdentifier>
    </Filter>
    <Filter Include="Header Files">
      <UniqueIdentifier>{277502F2-5131-3C8A-A11A-EB59B5C769E1}</UniqueIdentifier>
    </Filter>
    <Filter Include="Source Files">
      <UniqueIdentifier>{8FEF2E97-44BA-3724-8092-B55F0CB21E14}</UniqueIdentifier>
    </Filter>
  </ItemGroup>
</Project>
