
Microsoft Visual Studio Solution File, Format Version 12.00
# Visual Studio Version 17
Project("{8BC9CEB8-8B4A-11D0-8D11-00A0C91BC942}") = "ALL_BUILD", "ALL_BUILD.vcxproj", "{292730FD-F19C-3089-A5F7-23AEB7CFD5A0}"
	ProjectSection(ProjectDependencies) = postProject
		{EDBF72DB-DF03-35FE-8A43-431EC52E4573} = {EDBF72DB-DF03-35FE-8A43-431EC52E4573}
		{BD4422C7-EA4A-3E37-B3E1-9B69DE0AD268} = {BD4422C7-EA4A-3E37-B3E1-9B69DE0AD268}
		{6D412214-246C-336F-A2FB-3F99C5A5A476} = {6D412214-246C-336F-A2FB-3F99C5A5A476}
	EndProjectSection
EndProject
Project("{8BC9CEB8-8B4A-11D0-8D11-00A0C91BC942}") = "INSTALL", "INSTALL.vcxproj", "{F2982AEB-F625-3DA7-AAEC-AFAC4367D4CA}"
	ProjectSection(ProjectDependencies) = postProject
		{292730FD-F19C-3089-A5F7-23AEB7CFD5A0} = {292730FD-F19C-3089-A5F7-23AEB7CFD5A0}
		{6D412214-246C-336F-A2FB-3F99C5A5A476} = {6D412214-246C-336F-A2FB-3F99C5A5A476}
	EndProjectSection
EndProject
Project("{8BC9CEB8-8B4A-11D0-8D11-00A0C91BC942}") = "ShadowLauncher", "ShadowLauncher.vcxproj", "{EDBF72DB-DF03-35FE-8A43-431EC52E4573}"
	ProjectSection(ProjectDependencies) = postProject
		{061CFCFB-B2BF-30ED-8F4F-0133BE89F662} = {061CFCFB-B2BF-30ED-8F4F-0133BE89F662}
		{D8E5C804-4717-3B05-A08B-6FD2182BF3A3} = {D8E5C804-4717-3B05-A08B-6FD2182BF3A3}
		{59526344-B51D-3574-AE73-6FA3A02212E1} = {59526344-B51D-3574-AE73-6FA3A02212E1}
		{BD4422C7-EA4A-3E37-B3E1-9B69DE0AD268} = {BD4422C7-EA4A-3E37-B3E1-9B69DE0AD268}
		{6D412214-246C-336F-A2FB-3F99C5A5A476} = {6D412214-246C-336F-A2FB-3F99C5A5A476}
	EndProjectSection
EndProject
Project("{8BC9CEB8-8B4A-11D0-8D11-00A0C91BC942}") = "ShadowLauncher_autogen", "ShadowLauncher_autogen.vcxproj", "{061CFCFB-B2BF-30ED-8F4F-0133BE89F662}"
	ProjectSection(ProjectDependencies) = postProject
		{59526344-B51D-3574-AE73-6FA3A02212E1} = {59526344-B51D-3574-AE73-6FA3A02212E1}
		{BD4422C7-EA4A-3E37-B3E1-9B69DE0AD268} = {BD4422C7-EA4A-3E37-B3E1-9B69DE0AD268}
		{6D412214-246C-336F-A2FB-3F99C5A5A476} = {6D412214-246C-336F-A2FB-3F99C5A5A476}
	EndProjectSection
EndProject
Project("{8BC9CEB8-8B4A-11D0-8D11-00A0C91BC942}") = "ShadowLauncher_automoc_json_extraction", "ShadowLauncher_automoc_json_extraction.vcxproj", "{D8E5C804-4717-3B05-A08B-6FD2182BF3A3}"
	ProjectSection(ProjectDependencies) = postProject
		{061CFCFB-B2BF-30ED-8F4F-0133BE89F662} = {061CFCFB-B2BF-30ED-8F4F-0133BE89F662}
		{6D412214-246C-336F-A2FB-3F99C5A5A476} = {6D412214-246C-336F-A2FB-3F99C5A5A476}
	EndProjectSection
EndProject
Project("{8BC9CEB8-8B4A-11D0-8D11-00A0C91BC942}") = "ShadowLauncher_qmlimportscan", "ShadowLauncher_qmlimportscan.vcxproj", "{59526344-B51D-3574-AE73-6FA3A02212E1}"
	ProjectSection(ProjectDependencies) = postProject
		{6D412214-246C-336F-A2FB-3F99C5A5A476} = {6D412214-246C-336F-A2FB-3F99C5A5A476}
	EndProjectSection
EndProject
Project("{8BC9CEB8-8B4A-11D0-8D11-00A0C91BC942}") = "ShadowLauncher_qmllint", "ShadowLauncher_qmllint.vcxproj", "{D2432BED-CD8A-34FF-80E8-FEDD1A297029}"
	ProjectSection(ProjectDependencies) = postProject
		{6D412214-246C-336F-A2FB-3F99C5A5A476} = {6D412214-246C-336F-A2FB-3F99C5A5A476}
		{5F19465A-9640-39AC-BFC8-D6590010E94B} = {5F19465A-9640-39AC-BFC8-D6590010E94B}
	EndProjectSection
EndProject
Project("{8BC9CEB8-8B4A-11D0-8D11-00A0C91BC942}") = "ShadowLauncher_qmllint_json", "ShadowLauncher_qmllint_json.vcxproj", "{C39666F5-39A6-39DE-B129-C2ADD3E9FAC5}"
	ProjectSection(ProjectDependencies) = postProject
		{6D412214-246C-336F-A2FB-3F99C5A5A476} = {6D412214-246C-336F-A2FB-3F99C5A5A476}
		{5F19465A-9640-39AC-BFC8-D6590010E94B} = {5F19465A-9640-39AC-BFC8-D6590010E94B}
	EndProjectSection
EndProject
Project("{8BC9CEB8-8B4A-11D0-8D11-00A0C91BC942}") = "ShadowLauncher_qmllint_module", "ShadowLauncher_qmllint_module.vcxproj", "{8A853E73-7786-3059-BA36-C80F882FB442}"
	ProjectSection(ProjectDependencies) = postProject
		{6D412214-246C-336F-A2FB-3F99C5A5A476} = {6D412214-246C-336F-A2FB-3F99C5A5A476}
		{5F19465A-9640-39AC-BFC8-D6590010E94B} = {5F19465A-9640-39AC-BFC8-D6590010E94B}
	EndProjectSection
EndProject
Project("{8BC9CEB8-8B4A-11D0-8D11-00A0C91BC942}") = "ShadowLauncher_qmltyperegistration", "ShadowLauncher_qmltyperegistration.vcxproj", "{C3209743-72BB-355E-9FFD-5891B65158E3}"
	ProjectSection(ProjectDependencies) = postProject
		{6D412214-246C-336F-A2FB-3F99C5A5A476} = {6D412214-246C-336F-A2FB-3F99C5A5A476}
	EndProjectSection
EndProject
Project("{8BC9CEB8-8B4A-11D0-8D11-00A0C91BC942}") = "ShadowLauncher_tooling", "ShadowLauncher_tooling.vcxproj", "{BD4422C7-EA4A-3E37-B3E1-9B69DE0AD268}"
	ProjectSection(ProjectDependencies) = postProject
		{6D412214-246C-336F-A2FB-3F99C5A5A476} = {6D412214-246C-336F-A2FB-3F99C5A5A476}
	EndProjectSection
EndProject
Project("{8BC9CEB8-8B4A-11D0-8D11-00A0C91BC942}") = "ZERO_CHECK", "ZERO_CHECK.vcxproj", "{6D412214-246C-336F-A2FB-3F99C5A5A476}"
	ProjectSection(ProjectDependencies) = postProject
	EndProjectSection
EndProject
Project("{8BC9CEB8-8B4A-11D0-8D11-00A0C91BC942}") = "all_qmllint", "all_qmllint.vcxproj", "{EFD71FD8-9F5C-3339-B42E-05B2953E8365}"
	ProjectSection(ProjectDependencies) = postProject
		{D2432BED-CD8A-34FF-80E8-FEDD1A297029} = {D2432BED-CD8A-34FF-80E8-FEDD1A297029}
		{6D412214-246C-336F-A2FB-3F99C5A5A476} = {6D412214-246C-336F-A2FB-3F99C5A5A476}
	EndProjectSection
EndProject
Project("{8BC9CEB8-8B4A-11D0-8D11-00A0C91BC942}") = "all_qmllint_json", "all_qmllint_json.vcxproj", "{21D978F7-D979-3D09-9E1B-0C4E04612B37}"
	ProjectSection(ProjectDependencies) = postProject
		{C39666F5-39A6-39DE-B129-C2ADD3E9FAC5} = {C39666F5-39A6-39DE-B129-C2ADD3E9FAC5}
		{6D412214-246C-336F-A2FB-3F99C5A5A476} = {6D412214-246C-336F-A2FB-3F99C5A5A476}
	EndProjectSection
EndProject
Project("{8BC9CEB8-8B4A-11D0-8D11-00A0C91BC942}") = "all_qmllint_module", "all_qmllint_module.vcxproj", "{6DA56CFC-3129-3601-B614-1F39405F92A9}"
	ProjectSection(ProjectDependencies) = postProject
		{8A853E73-7786-3059-BA36-C80F882FB442} = {8A853E73-7786-3059-BA36-C80F882FB442}
		{6D412214-246C-336F-A2FB-3F99C5A5A476} = {6D412214-246C-336F-A2FB-3F99C5A5A476}
	EndProjectSection
EndProject
Project("{8BC9CEB8-8B4A-11D0-8D11-00A0C91BC942}") = "all_qmltyperegistrations", "all_qmltyperegistrations.vcxproj", "{5F19465A-9640-39AC-BFC8-D6590010E94B}"
	ProjectSection(ProjectDependencies) = postProject
		{C3209743-72BB-355E-9FFD-5891B65158E3} = {C3209743-72BB-355E-9FFD-5891B65158E3}
		{6D412214-246C-336F-A2FB-3F99C5A5A476} = {6D412214-246C-336F-A2FB-3F99C5A5A476}
	EndProjectSection
EndProject
Global
	GlobalSection(SolutionConfigurationPlatforms) = preSolution
		Debug|x64 = Debug|x64
		Release|x64 = Release|x64
		MinSizeRel|x64 = MinSizeRel|x64
		RelWithDebInfo|x64 = RelWithDebInfo|x64
	EndGlobalSection
	GlobalSection(ProjectConfigurationPlatforms) = postSolution
		{292730FD-F19C-3089-A5F7-23AEB7CFD5A0}.Debug|x64.ActiveCfg = Debug|x64
		{292730FD-F19C-3089-A5F7-23AEB7CFD5A0}.Debug|x64.Build.0 = Debug|x64
		{292730FD-F19C-3089-A5F7-23AEB7CFD5A0}.Release|x64.ActiveCfg = Release|x64
		{292730FD-F19C-3089-A5F7-23AEB7CFD5A0}.Release|x64.Build.0 = Release|x64
		{292730FD-F19C-3089-A5F7-23AEB7CFD5A0}.MinSizeRel|x64.ActiveCfg = MinSizeRel|x64
		{292730FD-F19C-3089-A5F7-23AEB7CFD5A0}.MinSizeRel|x64.Build.0 = MinSizeRel|x64
		{292730FD-F19C-3089-A5F7-23AEB7CFD5A0}.RelWithDebInfo|x64.ActiveCfg = RelWithDebInfo|x64
		{292730FD-F19C-3089-A5F7-23AEB7CFD5A0}.RelWithDebInfo|x64.Build.0 = RelWithDebInfo|x64
		{F2982AEB-F625-3DA7-AAEC-AFAC4367D4CA}.Debug|x64.ActiveCfg = Debug|x64
		{F2982AEB-F625-3DA7-AAEC-AFAC4367D4CA}.Release|x64.ActiveCfg = Release|x64
		{F2982AEB-F625-3DA7-AAEC-AFAC4367D4CA}.MinSizeRel|x64.ActiveCfg = MinSizeRel|x64
		{F2982AEB-F625-3DA7-AAEC-AFAC4367D4CA}.RelWithDebInfo|x64.ActiveCfg = RelWithDebInfo|x64
		{EDBF72DB-DF03-35FE-8A43-431EC52E4573}.Debug|x64.ActiveCfg = Debug|x64
		{EDBF72DB-DF03-35FE-8A43-431EC52E4573}.Debug|x64.Build.0 = Debug|x64
		{EDBF72DB-DF03-35FE-8A43-431EC52E4573}.Release|x64.ActiveCfg = Release|x64
		{EDBF72DB-DF03-35FE-8A43-431EC52E4573}.Release|x64.Build.0 = Release|x64
		{EDBF72DB-DF03-35FE-8A43-431EC52E4573}.MinSizeRel|x64.ActiveCfg = MinSizeRel|x64
		{EDBF72DB-DF03-35FE-8A43-431EC52E4573}.MinSizeRel|x64.Build.0 = MinSizeRel|x64
		{EDBF72DB-DF03-35FE-8A43-431EC52E4573}.RelWithDebInfo|x64.ActiveCfg = RelWithDebInfo|x64
		{EDBF72DB-DF03-35FE-8A43-431EC52E4573}.RelWithDebInfo|x64.Build.0 = RelWithDebInfo|x64
		{061CFCFB-B2BF-30ED-8F4F-0133BE89F662}.Debug|x64.ActiveCfg = Debug|x64
		{061CFCFB-B2BF-30ED-8F4F-0133BE89F662}.Debug|x64.Build.0 = Debug|x64
		{061CFCFB-B2BF-30ED-8F4F-0133BE89F662}.Release|x64.ActiveCfg = Release|x64
		{061CFCFB-B2BF-30ED-8F4F-0133BE89F662}.Release|x64.Build.0 = Release|x64
		{061CFCFB-B2BF-30ED-8F4F-0133BE89F662}.MinSizeRel|x64.ActiveCfg = MinSizeRel|x64
		{061CFCFB-B2BF-30ED-8F4F-0133BE89F662}.MinSizeRel|x64.Build.0 = MinSizeRel|x64
		{061CFCFB-B2BF-30ED-8F4F-0133BE89F662}.RelWithDebInfo|x64.ActiveCfg = RelWithDebInfo|x64
		{061CFCFB-B2BF-30ED-8F4F-0133BE89F662}.RelWithDebInfo|x64.Build.0 = RelWithDebInfo|x64
		{D8E5C804-4717-3B05-A08B-6FD2182BF3A3}.Debug|x64.ActiveCfg = Debug|x64
		{D8E5C804-4717-3B05-A08B-6FD2182BF3A3}.Debug|x64.Build.0 = Debug|x64
		{D8E5C804-4717-3B05-A08B-6FD2182BF3A3}.Release|x64.ActiveCfg = Release|x64
		{D8E5C804-4717-3B05-A08B-6FD2182BF3A3}.Release|x64.Build.0 = Release|x64
		{D8E5C804-4717-3B05-A08B-6FD2182BF3A3}.MinSizeRel|x64.ActiveCfg = MinSizeRel|x64
		{D8E5C804-4717-3B05-A08B-6FD2182BF3A3}.MinSizeRel|x64.Build.0 = MinSizeRel|x64
		{D8E5C804-4717-3B05-A08B-6FD2182BF3A3}.RelWithDebInfo|x64.ActiveCfg = RelWithDebInfo|x64
		{D8E5C804-4717-3B05-A08B-6FD2182BF3A3}.RelWithDebInfo|x64.Build.0 = RelWithDebInfo|x64
		{59526344-B51D-3574-AE73-6FA3A02212E1}.Debug|x64.ActiveCfg = Debug|x64
		{59526344-B51D-3574-AE73-6FA3A02212E1}.Debug|x64.Build.0 = Debug|x64
		{59526344-B51D-3574-AE73-6FA3A02212E1}.Release|x64.ActiveCfg = Release|x64
		{59526344-B51D-3574-AE73-6FA3A02212E1}.Release|x64.Build.0 = Release|x64
		{59526344-B51D-3574-AE73-6FA3A02212E1}.MinSizeRel|x64.ActiveCfg = MinSizeRel|x64
		{59526344-B51D-3574-AE73-6FA3A02212E1}.MinSizeRel|x64.Build.0 = MinSizeRel|x64
		{59526344-B51D-3574-AE73-6FA3A02212E1}.RelWithDebInfo|x64.ActiveCfg = RelWithDebInfo|x64
		{59526344-B51D-3574-AE73-6FA3A02212E1}.RelWithDebInfo|x64.Build.0 = RelWithDebInfo|x64
		{D2432BED-CD8A-34FF-80E8-FEDD1A297029}.Debug|x64.ActiveCfg = Debug|x64
		{D2432BED-CD8A-34FF-80E8-FEDD1A297029}.Debug|x64.Build.0 = Debug|x64
		{D2432BED-CD8A-34FF-80E8-FEDD1A297029}.Release|x64.ActiveCfg = Release|x64
		{D2432BED-CD8A-34FF-80E8-FEDD1A297029}.Release|x64.Build.0 = Release|x64
		{D2432BED-CD8A-34FF-80E8-FEDD1A297029}.MinSizeRel|x64.ActiveCfg = MinSizeRel|x64
		{D2432BED-CD8A-34FF-80E8-FEDD1A297029}.MinSizeRel|x64.Build.0 = MinSizeRel|x64
		{D2432BED-CD8A-34FF-80E8-FEDD1A297029}.RelWithDebInfo|x64.ActiveCfg = RelWithDebInfo|x64
		{D2432BED-CD8A-34FF-80E8-FEDD1A297029}.RelWithDebInfo|x64.Build.0 = RelWithDebInfo|x64
		{C39666F5-39A6-39DE-B129-C2ADD3E9FAC5}.Debug|x64.ActiveCfg = Debug|x64
		{C39666F5-39A6-39DE-B129-C2ADD3E9FAC5}.Debug|x64.Build.0 = Debug|x64
		{C39666F5-39A6-39DE-B129-C2ADD3E9FAC5}.Release|x64.ActiveCfg = Release|x64
		{C39666F5-39A6-39DE-B129-C2ADD3E9FAC5}.Release|x64.Build.0 = Release|x64
		{C39666F5-39A6-39DE-B129-C2ADD3E9FAC5}.MinSizeRel|x64.ActiveCfg = MinSizeRel|x64
		{C39666F5-39A6-39DE-B129-C2ADD3E9FAC5}.MinSizeRel|x64.Build.0 = MinSizeRel|x64
		{C39666F5-39A6-39DE-B129-C2ADD3E9FAC5}.RelWithDebInfo|x64.ActiveCfg = RelWithDebInfo|x64
		{C39666F5-39A6-39DE-B129-C2ADD3E9FAC5}.RelWithDebInfo|x64.Build.0 = RelWithDebInfo|x64
		{8A853E73-7786-3059-BA36-C80F882FB442}.Debug|x64.ActiveCfg = Debug|x64
		{8A853E73-7786-3059-BA36-C80F882FB442}.Debug|x64.Build.0 = Debug|x64
		{8A853E73-7786-3059-BA36-C80F882FB442}.Release|x64.ActiveCfg = Release|x64
		{8A853E73-7786-3059-BA36-C80F882FB442}.Release|x64.Build.0 = Release|x64
		{8A853E73-7786-3059-BA36-C80F882FB442}.MinSizeRel|x64.ActiveCfg = MinSizeRel|x64
		{8A853E73-7786-3059-BA36-C80F882FB442}.MinSizeRel|x64.Build.0 = MinSizeRel|x64
		{8A853E73-7786-3059-BA36-C80F882FB442}.RelWithDebInfo|x64.ActiveCfg = RelWithDebInfo|x64
		{8A853E73-7786-3059-BA36-C80F882FB442}.RelWithDebInfo|x64.Build.0 = RelWithDebInfo|x64
		{C3209743-72BB-355E-9FFD-5891B65158E3}.Debug|x64.ActiveCfg = Debug|x64
		{C3209743-72BB-355E-9FFD-5891B65158E3}.Debug|x64.Build.0 = Debug|x64
		{C3209743-72BB-355E-9FFD-5891B65158E3}.Release|x64.ActiveCfg = Release|x64
		{C3209743-72BB-355E-9FFD-5891B65158E3}.Release|x64.Build.0 = Release|x64
		{C3209743-72BB-355E-9FFD-5891B65158E3}.MinSizeRel|x64.ActiveCfg = MinSizeRel|x64
		{C3209743-72BB-355E-9FFD-5891B65158E3}.MinSizeRel|x64.Build.0 = MinSizeRel|x64
		{C3209743-72BB-355E-9FFD-5891B65158E3}.RelWithDebInfo|x64.ActiveCfg = RelWithDebInfo|x64
		{C3209743-72BB-355E-9FFD-5891B65158E3}.RelWithDebInfo|x64.Build.0 = RelWithDebInfo|x64
		{BD4422C7-EA4A-3E37-B3E1-9B69DE0AD268}.Debug|x64.ActiveCfg = Debug|x64
		{BD4422C7-EA4A-3E37-B3E1-9B69DE0AD268}.Debug|x64.Build.0 = Debug|x64
		{BD4422C7-EA4A-3E37-B3E1-9B69DE0AD268}.Release|x64.ActiveCfg = Release|x64
		{BD4422C7-EA4A-3E37-B3E1-9B69DE0AD268}.Release|x64.Build.0 = Release|x64
		{BD4422C7-EA4A-3E37-B3E1-9B69DE0AD268}.MinSizeRel|x64.ActiveCfg = MinSizeRel|x64
		{BD4422C7-EA4A-3E37-B3E1-9B69DE0AD268}.MinSizeRel|x64.Build.0 = MinSizeRel|x64
		{BD4422C7-EA4A-3E37-B3E1-9B69DE0AD268}.RelWithDebInfo|x64.ActiveCfg = RelWithDebInfo|x64
		{BD4422C7-EA4A-3E37-B3E1-9B69DE0AD268}.RelWithDebInfo|x64.Build.0 = RelWithDebInfo|x64
		{6D412214-246C-336F-A2FB-3F99C5A5A476}.Debug|x64.ActiveCfg = Debug|x64
		{6D412214-246C-336F-A2FB-3F99C5A5A476}.Debug|x64.Build.0 = Debug|x64
		{6D412214-246C-336F-A2FB-3F99C5A5A476}.Release|x64.ActiveCfg = Release|x64
		{6D412214-246C-336F-A2FB-3F99C5A5A476}.Release|x64.Build.0 = Release|x64
		{6D412214-246C-336F-A2FB-3F99C5A5A476}.MinSizeRel|x64.ActiveCfg = MinSizeRel|x64
		{6D412214-246C-336F-A2FB-3F99C5A5A476}.MinSizeRel|x64.Build.0 = MinSizeRel|x64
		{6D412214-246C-336F-A2FB-3F99C5A5A476}.RelWithDebInfo|x64.ActiveCfg = RelWithDebInfo|x64
		{6D412214-246C-336F-A2FB-3F99C5A5A476}.RelWithDebInfo|x64.Build.0 = RelWithDebInfo|x64
		{EFD71FD8-9F5C-3339-B42E-05B2953E8365}.Debug|x64.ActiveCfg = Debug|x64
		{EFD71FD8-9F5C-3339-B42E-05B2953E8365}.Release|x64.ActiveCfg = Release|x64
		{EFD71FD8-9F5C-3339-B42E-05B2953E8365}.MinSizeRel|x64.ActiveCfg = MinSizeRel|x64
		{EFD71FD8-9F5C-3339-B42E-05B2953E8365}.RelWithDebInfo|x64.ActiveCfg = RelWithDebInfo|x64
		{21D978F7-D979-3D09-9E1B-0C4E04612B37}.Debug|x64.ActiveCfg = Debug|x64
		{21D978F7-D979-3D09-9E1B-0C4E04612B37}.Release|x64.ActiveCfg = Release|x64
		{21D978F7-D979-3D09-9E1B-0C4E04612B37}.MinSizeRel|x64.ActiveCfg = MinSizeRel|x64
		{21D978F7-D979-3D09-9E1B-0C4E04612B37}.RelWithDebInfo|x64.ActiveCfg = RelWithDebInfo|x64
		{6DA56CFC-3129-3601-B614-1F39405F92A9}.Debug|x64.ActiveCfg = Debug|x64
		{6DA56CFC-3129-3601-B614-1F39405F92A9}.Release|x64.ActiveCfg = Release|x64
		{6DA56CFC-3129-3601-B614-1F39405F92A9}.MinSizeRel|x64.ActiveCfg = MinSizeRel|x64
		{6DA56CFC-3129-3601-B614-1F39405F92A9}.RelWithDebInfo|x64.ActiveCfg = RelWithDebInfo|x64
		{5F19465A-9640-39AC-BFC8-D6590010E94B}.Debug|x64.ActiveCfg = Debug|x64
		{5F19465A-9640-39AC-BFC8-D6590010E94B}.Debug|x64.Build.0 = Debug|x64
		{5F19465A-9640-39AC-BFC8-D6590010E94B}.Release|x64.ActiveCfg = Release|x64
		{5F19465A-9640-39AC-BFC8-D6590010E94B}.Release|x64.Build.0 = Release|x64
		{5F19465A-9640-39AC-BFC8-D6590010E94B}.MinSizeRel|x64.ActiveCfg = MinSizeRel|x64
		{5F19465A-9640-39AC-BFC8-D6590010E94B}.MinSizeRel|x64.Build.0 = MinSizeRel|x64
		{5F19465A-9640-39AC-BFC8-D6590010E94B}.RelWithDebInfo|x64.ActiveCfg = RelWithDebInfo|x64
		{5F19465A-9640-39AC-BFC8-D6590010E94B}.RelWithDebInfo|x64.Build.0 = RelWithDebInfo|x64
	EndGlobalSection
	GlobalSection(ExtensibilityGlobals) = postSolution
		SolutionGuid = {95F9D372-6741-351F-A45C-E4F18807FD3A}
	EndGlobalSection
	GlobalSection(ExtensibilityAddIns) = postSolution
	EndGlobalSection
EndGlobal
