<?xml version="1.0" encoding="utf-8"?>
<Project ToolsVersion="17.0" xmlns="http://schemas.microsoft.com/developer/msbuild/2003">
  <ItemGroup>
    <CustomBuild Include="D:\MC_Project\shadow-launcher\cpp\build4\CMakeFiles\0ddb63996e50b444c2556fd9720dc43e\ShadowLauncher_qmllint_json.rule">
      <Filter>CMake Rules</Filter>
    </CustomBuild>
    <CustomBuild Include="D:\MC_Project\shadow-launcher\cpp\CMakeLists.txt" />
  </ItemGroup>
  <ItemGroup>
    <None Include="D:\MC_Project\shadow-launcher\cpp\build4\CMakeFiles\ShadowLauncher_qmllint_json" />
  </ItemGroup>
  <ItemGroup>
    <Filter Include="CMake Rules">
      <UniqueIdentifier>{C8430BDD-0C3C-3C2F-A07E-9008072B68FF}</UniqueIdentifier>
    </Filter>
  </ItemGroup>
</Project>
